
Microsoft Visual Studio Solution File, Format Version 12.00
# Visual Studio 15
VisualStudioVersion = 15.0.27703.2026
MinimumVisualStudioVersion = 10.0.40219.1
Project("{8BC9CEB8-8B4A-11D0-8D11-00A0C91BC942}") = "Window", "Window\Window.vcxproj", "{4E1A7E32-4A5A-4606-B646-4C7D6EE08600}"
EndProject
Project("{2150E333-8FDC-42A3-9474-1A3956D46DE8}") = "01-Win32", "01-Win32", "{6C3CE9D4-16C8-425E-9D1A-209F9AB1D564}"
EndProject
Project("{2150E333-8FDC-42A3-9474-1A3956D46DE8}") = "Assignment1-firstProgram", "Assignment1-firstProgram", "{31BE8E9F-1769-4545-800B-47D0B1B478A2}"
EndProject
Project("{2150E333-8FDC-42A3-9474-1A3956D46DE8}") = "Assignment2-WM_Paint", "Assignment2-WM_Paint", "{7B5F4115-417D-4D2A-AE85-5627827698E9}"
EndProject
Project("{8BC9CEB8-8B4A-11D0-8D11-00A0C91BC942}") = "WM_PAINT", "WM_PAINT\WM_PAINT.vcxproj", "{1E8B9FDA-A549-4E3D-9E94-92D7072C1A56}"
EndProject
Global
	GlobalSection(SolutionConfigurationPlatforms) = preSolution
		Debug|x64 = Debug|x64
		Debug|x86 = Debug|x86
		Release|x64 = Release|x64
		Release|x86 = Release|x86
	EndGlobalSection
	GlobalSection(ProjectConfigurationPlatforms) = postSolution
		{4E1A7E32-4A5A-4606-B646-4C7D6EE08600}.Debug|x64.ActiveCfg = Debug|x64
		{4E1A7E32-4A5A-4606-B646-4C7D6EE08600}.Debug|x64.Build.0 = Debug|x64
		{4E1A7E32-4A5A-4606-B646-4C7D6EE08600}.Debug|x86.ActiveCfg = Debug|Win32
		{4E1A7E32-4A5A-4606-B646-4C7D6EE08600}.Debug|x86.Build.0 = Debug|Win32
		{4E1A7E32-4A5A-4606-B646-4C7D6EE08600}.Release|x64.ActiveCfg = Release|x64
		{4E1A7E32-4A5A-4606-B646-4C7D6EE08600}.Release|x64.Build.0 = Release|x64
		{4E1A7E32-4A5A-4606-B646-4C7D6EE08600}.Release|x86.ActiveCfg = Release|Win32
		{4E1A7E32-4A5A-4606-B646-4C7D6EE08600}.Release|x86.Build.0 = Release|Win32
		{1E8B9FDA-A549-4E3D-9E94-92D7072C1A56}.Debug|x64.ActiveCfg = Debug|x64
		{1E8B9FDA-A549-4E3D-9E94-92D7072C1A56}.Debug|x64.Build.0 = Debug|x64
		{1E8B9FDA-A549-4E3D-9E94-92D7072C1A56}.Debug|x86.ActiveCfg = Debug|Win32
		{1E8B9FDA-A549-4E3D-9E94-92D7072C1A56}.Debug|x86.Build.0 = Debug|Win32
		{1E8B9FDA-A549-4E3D-9E94-92D7072C1A56}.Release|x64.ActiveCfg = Release|x64
		{1E8B9FDA-A549-4E3D-9E94-92D7072C1A56}.Release|x64.Build.0 = Release|x64
		{1E8B9FDA-A549-4E3D-9E94-92D7072C1A56}.Release|x86.ActiveCfg = Release|Win32
		{1E8B9FDA-A549-4E3D-9E94-92D7072C1A56}.Release|x86.Build.0 = Release|Win32
	EndGlobalSection
	GlobalSection(SolutionProperties) = preSolution
		HideSolutionNode = FALSE
	EndGlobalSection
	GlobalSection(NestedProjects) = preSolution
		{4E1A7E32-4A5A-4606-B646-4C7D6EE08600} = {31BE8E9F-1769-4545-800B-47D0B1B478A2}
		{31BE8E9F-1769-4545-800B-47D0B1B478A2} = {6C3CE9D4-16C8-425E-9D1A-209F9AB1D564}
		{7B5F4115-417D-4D2A-AE85-5627827698E9} = {6C3CE9D4-16C8-425E-9D1A-209F9AB1D564}
		{1E8B9FDA-A549-4E3D-9E94-92D7072C1A56} = {7B5F4115-417D-4D2A-AE85-5627827698E9}
	EndGlobalSection
	GlobalSection(ExtensibilityGlobals) = postSolution
		SolutionGuid = {4AE1A065-B741-4555-A616-35C2100732D9}
	EndGlobalSection
EndGlobal
