
Microsoft Visual Studio Solution File, Format Version 12.00
# Visual Studio 15
VisualStudioVersion = 15.0.27130.2003
MinimumVisualStudioVersion = 10.0.40219.1
Project("{8BC9CEB8-8B4A-11D0-8D11-00A0C91BC942}") = "Window", "Window\Window.vcxproj", "{4E1A7E32-4A5A-4606-B646-4C7D6EE08600}"
EndProject
Project("{2150E333-8FDC-42A3-9474-1A3956D46DE8}") = "01-Win32-windows", "01-Win32-windows", "{6C3CE9D4-16C8-425E-9D1A-209F9AB1D564}"
EndProject
Project("{2150E333-8FDC-42A3-9474-1A3956D46DE8}") = "Assignment1-firstProgram", "Assignment1-firstProgram", "{31BE8E9F-1769-4545-800B-47D0B1B478A2}"
EndProject
Project("{2150E333-8FDC-42A3-9474-1A3956D46DE8}") = "Assignment2-WM_Paint", "Assignment2-WM_Paint", "{7B5F4115-417D-4D2A-AE85-5627827698E9}"
EndProject
Project("{8BC9CEB8-8B4A-11D0-8D11-00A0C91BC942}") = "WM_PAINT", "WM_PAINT\WM_PAINT.vcxproj", "{1E8B9FDA-A549-4E3D-9E94-92D7072C1A56}"
EndProject
Project("{2150E333-8FDC-42A3-9474-1A3956D46DE8}") = "Assignment3-handle5messages", "Assignment3-handle5messages", "{049B0922-F0A4-42F0-B544-C422058A2092}"
EndProject
Project("{8BC9CEB8-8B4A-11D0-8D11-00A0C91BC942}") = "handle5messages", "handle5messages\handle5messages.vcxproj", "{FA81DCED-B3C0-43D5-927E-D32198A9B1FF}"
EndProject
Project("{2150E333-8FDC-42A3-9474-1A3956D46DE8}") = "Assignment4-PressKeyToColour", "Assignment4-PressKeyToColour", "{BA08E0D8-C3B0-4C88-BA2D-6FAD154B8466}"
EndProject
Project("{2150E333-8FDC-42A3-9474-1A3956D46DE8}") = "02-MultiThreading", "02-MultiThreading", "{FC1B5A75-59C0-43C5-A017-2E905951056F}"
EndProject
Project("{8BC9CEB8-8B4A-11D0-8D11-00A0C91BC942}") = "PressKeyToColour", "PressKeyToColour\PressKeyToColour.vcxproj", "{8E246451-25B3-4F09-9971-92893FED1323}"
EndProject
Project("{8BC9CEB8-8B4A-11D0-8D11-00A0C91BC942}") = "Assignment5-threads", "Assignment5-threads\Assignment5-threads.vcxproj", "{0427A6E3-8FAC-4A01-9CF5-1E4B7A1B8970}"
EndProject
Project("{2150E333-8FDC-42A3-9474-1A3956D46DE8}") = "03-customIcons", "03-customIcons", "{8024B91B-BDBD-4299-8B99-17EB62F3B918}"
EndProject
Project("{8BC9CEB8-8B4A-11D0-8D11-00A0C91BC942}") = "Assignment06-cutomIcons", "cutomIcons\cutomIcons.vcxproj", "{925E1822-9CAE-41E3-BA81-8CF81CD5FE5A}"
EndProject
Project("{2150E333-8FDC-42A3-9474-1A3956D46DE8}") = "04-DLL", "04-DLL", "{0241128C-5C57-42E5-BF0C-4250E1EDA146}"
EndProject
Project("{8BC9CEB8-8B4A-11D0-8D11-00A0C91BC942}") = "Assignment07_A-implicitLinking_lnkrOptn", "Assignment07_A-implicitLinking_lnkrOptn\Assignment07_A-implicitLinking_lnkrOptn.vcxproj", "{4B0EE37E-E04C-4820-B75B-28D26F52A822}"
EndProject
Project("{8BC9CEB8-8B4A-11D0-8D11-00A0C91BC942}") = "Assignment07_DLL_FILE_DLL_Math_declSpec", "DLL_Math\DLL_Math.vcxproj", "{59A13119-F386-4A44-9385-A373BB929D70}"
EndProject
Project("{8BC9CEB8-8B4A-11D0-8D11-00A0C91BC942}") = "Assignment07_B-implicitLinking_Pragma", "Assignment07_A-implicitLinking_Pragma\Assignment07_A-implicitLinking_Pragma.vcxproj", "{C8C63A1E-D47A-4F3B-896B-0276E7240C64}"
EndProject
Project("{8BC9CEB8-8B4A-11D0-8D11-00A0C91BC942}") = "Assignment08_DLL_FILE_DLL_MATH_DEF_FILE", "Assignment08_DLL_FILE_DLL_MATH_DEF_FILE\Assignment08_DLL_FILE_DLL_MATH_DEF_FILE.vcxproj", "{5DFE6B2C-3C2C-4CBF-93E5-AE1BAE24DC86}"
EndProject
Project("{8BC9CEB8-8B4A-11D0-8D11-00A0C91BC942}") = "Assignment08_DLL_CLIENT_LOAD_LIB", "Assignment08_DLL_CLIENT_LOAD_LIB\Assignment08_DLL_CLIENT_LOAD_LIB.vcxproj", "{2F9AD067-A730-437E-B0F5-93BCF70C79BE}"
EndProject
Project("{2150E333-8FDC-42A3-9474-1A3956D46DE8}") = "901-MyProjects", "901-MyProjects", "{93B5C646-5C74-4729-9C9F-3BD9E6BDEBB6}"
EndProject
Project("{8BC9CEB8-8B4A-11D0-8D11-00A0C91BC942}") = "Gravity", "Gravity\Gravity.vcxproj", "{3EFC7184-F5BC-43D5-9B5D-1D5563351CA4}"
EndProject
Project("{2150E333-8FDC-42A3-9474-1A3956D46DE8}") = "05-COM", "05-COM", "{4C0D716C-F187-44AC-9384-43BC8674A02D}"
	ProjectSection(SolutionItems) = preProject
		ServerRegister.reg = ServerRegister.reg
	EndProjectSection
EndProject
Project("{8BC9CEB8-8B4A-11D0-8D11-00A0C91BC942}") = "ClassFactoryDllServerWithRegFile", "ClassFactoryDllServerWithRegFile\ClassFactoryDllServerWithRegFile.vcxproj", "{09A69E0C-6A30-46A2-9990-7B27D01F1C96}"
EndProject
Project("{8BC9CEB8-8B4A-11D0-8D11-00A0C91BC942}") = "ClientOfClassFactoryDllServerWithRegFile", "ClientOfClassFactoryDllServerWithRegFile\ClientOfClassFactoryDllServerWithRegFile.vcxproj", "{A0EE10D7-9A91-4BEB-9638-20546B3A7EAC}"
EndProject
Project("{2150E333-8FDC-42A3-9474-1A3956D46DE8}") = "999-TestCodes", "999-TestCodes", "{F380921A-0C25-4F27-883F-B5336CDB7C87}"
EndProject
Project("{8BC9CEB8-8B4A-11D0-8D11-00A0C91BC942}") = "DllPrivateExport", "DllPrivateExport\DllPrivateExport.vcxproj", "{C617F5FE-5A46-4257-B7FB-8D20AF39E459}"
EndProject
Project("{2150E333-8FDC-42A3-9474-1A3956D46DE8}") = "DllPrivateExports", "DllPrivateExports", "{DD2EA6C1-B919-464F-AC1F-675E71CAAA46}"
	ProjectSection(SolutionItems) = preProject
		DllPrivateExport\README.txt = DllPrivateExport\README.txt
	EndProjectSection
EndProject
Project("{8BC9CEB8-8B4A-11D0-8D11-00A0C91BC942}") = "Client", "Client\Client.vcxproj", "{D476C4A5-53C0-459C-84A4-59DDCFBE1C5E}"
EndProject
Project("{2150E333-8FDC-42A3-9474-1A3956D46DE8}") = "01-ClassFactory", "01-ClassFactory", "{CAA0D0F2-CB02-4D3F-813B-5DE0A54A9D67}"
EndProject
Project("{2150E333-8FDC-42A3-9474-1A3956D46DE8}") = "99-SelfPractice", "99-SelfPractice", "{09E575CA-2B1F-480B-B1E8-F0C1CD5CA55E}"
EndProject
Project("{2150E333-8FDC-42A3-9474-1A3956D46DE8}") = "ContainmentAggregation", "ContainmentAggregation", "{C83DC41E-EA52-43A5-820B-0367E46CBB46}"
EndProject
Project("{2150E333-8FDC-42A3-9474-1A3956D46DE8}") = "DialogBoxes", "DialogBoxes", "{F4E31E4D-5A87-4FD0-9B4B-4A5D968CE931}"
	ProjectSection(SolutionItems) = preProject
		Readme.txt = Readme.txt
	EndProjectSection
EndProject
Project("{8BC9CEB8-8B4A-11D0-8D11-00A0C91BC942}") = "DialogBoxes-Modal", "DialogBoxes\DialogBoxes.vcxproj", "{5E7301F0-8B34-48B0-8123-2B180D11C0FB}"
EndProject
Project("{8BC9CEB8-8B4A-11D0-8D11-00A0C91BC942}") = "DialogBoxes-Modeless", "DialogBoxes-Modeless\DialogBoxes-Modeless.vcxproj", "{3D008B28-1BAA-4EC9-BE71-BB3AFCDD7B6C}"
EndProject
Project("{8BC9CEB8-8B4A-11D0-8D11-00A0C91BC942}") = "ClassFactoryServer", "ClassFactory\ClassFactory.vcxproj", "{360D72B7-BE0B-4EBD-982D-212062F54E51}"
EndProject
Project("{2150E333-8FDC-42A3-9474-1A3956D46DE8}") = "902-Books", "902-Books", "{81E23EC5-54A3-440B-859C-6B49113F0043}"
EndProject
Project("{2150E333-8FDC-42A3-9474-1A3956D46DE8}") = "1.Petzold", "1.Petzold", "{E0CFD79D-1D47-4B66-B986-91BF522C4352}"
EndProject
Project("{2150E333-8FDC-42A3-9474-1A3956D46DE8}") = "Chapter-11", "Chapter-11", "{79AD409C-6C5D-48FD-80E8-4089E4B2C025}"
EndProject
Project("{8BC9CEB8-8B4A-11D0-8D11-00A0C91BC942}") = "1.About1", "About1\About1.vcxproj", "{4A7C3E76-CE3A-4445-AAE4-32DCF6DAA23B}"
EndProject
Project("{8BC9CEB8-8B4A-11D0-8D11-00A0C91BC942}") = "2.About2", "About2\About2.vcxproj", "{5D8AF3B3-37C2-4517-A700-5C29181350D8}"
EndProject
Project("{2150E333-8FDC-42A3-9474-1A3956D46DE8}") = "02-Containment", "02-Containment", "{995BCF15-64AE-462B-BCC8-47502843BBB8}"
EndProject
Project("{8BC9CEB8-8B4A-11D0-8D11-00A0C91BC942}") = "ContainmentInnerComponentWithRegFile", "ContainmentInnerComponentWithRegFile\ContainmentInnerComponentWithRegFile.vcxproj", "{301D7B67-7088-41BD-8D07-E2CDB96865E6}"
EndProject
Project("{8BC9CEB8-8B4A-11D0-8D11-00A0C91BC942}") = "ClientOfContainmentComponentWithRegFile", "ClientOfContainmentComponentWithRegFile\ClientOfContainmentComponentWithRegFile.vcxproj", "{64DA55EF-AAC5-497D-B3FF-537223B02056}"
EndProject
Project("{8BC9CEB8-8B4A-11D0-8D11-00A0C91BC942}") = "ContainmentOuterComponentWithRegFile", "ContainmentOuterComponentWithRegFile\ContainmentOuterComponentWithRegFile.cpp.vcxproj", "{6C8144BB-1F77-4BD0-8016-D2728C3F5EB8}"
EndProject
Project("{8BC9CEB8-8B4A-11D0-8D11-00A0C91BC942}") = "3.About3", "About3\About3.vcxproj", "{33629C03-55AC-4CB7-8E07-C8F337940277}"
EndProject
Project("{8BC9CEB8-8B4A-11D0-8D11-00A0C91BC942}") = "4.Colors2", "Colors2\Colors2.vcxproj", "{24B6EAB3-7284-4E90-B9EE-DC4E1D7AECA8}"
EndProject
Project("{8BC9CEB8-8B4A-11D0-8D11-00A0C91BC942}") = "5.Hexcalc", "5.Hexcalc\5.Hexcalc.vcxproj", "{CBE411B1-1378-454A-B7A3-02A97ABE2A37}"
EndProject
Project("{8BC9CEB8-8B4A-11D0-8D11-00A0C91BC942}") = "6.POPPAD", "6.POPPAD\6.POPPAD.vcxproj", "{58E6388F-7CA2-4008-B6AA-926DB2CF3761}"
EndProject
Project("{8BC9CEB8-8B4A-11D0-8D11-00A0C91BC942}") = "DFT-DiscreteFourierTransform-DLL", "DFT-DiscreteFourierTransform\DFT-DiscreteFourierTransform.vcxproj", "{FF204E0B-BCAB-4529-B17A-E7B9FA9D483F}"
EndProject
Project("{8BC9CEB8-8B4A-11D0-8D11-00A0C91BC942}") = "DFT-Client", "DFT-Client\DFT-Client.vcxproj", "{C96F99C0-0B51-4490-B995-5158E8D538CE}"
EndProject
Project("{2150E333-8FDC-42A3-9474-1A3956D46DE8}") = "DFT", "DFT", "{A4C106BC-2FC1-4880-91BE-9772CBE45EA4}"
EndProject
Project("{8BC9CEB8-8B4A-11D0-8D11-00A0C91BC942}") = "AudioAPI", "AudioAPI\AudioAPI.vcxproj", "{67C6BCE1-2232-4BC8-9D44-D3A8A6B1C2B5}"
EndProject
Project("{2150E333-8FDC-42A3-9474-1A3956D46DE8}") = "CredentialProvider", "CredentialProvider", "{060817BE-D016-4A34-B5CD-6BF9471F5D68}"
EndProject
Project("{8BC9CEB8-8B4A-11D0-8D11-00A0C91BC942}") = "CredentialProvider", "CredentialProvider\CredentialProvider.vcxproj", "{8FDE2B3A-6765-4107-AFCE-172D1DE3DD8E}"
EndProject
Project("{8BC9CEB8-8B4A-11D0-8D11-00A0C91BC942}") = "7.COLORS3", "7.COLORS3\7.COLORS3.vcxproj", "{2DA66FAC-BFE2-4B4D-8AE2-325885D11A52}"
EndProject
Project("{8BC9CEB8-8B4A-11D0-8D11-00A0C91BC942}") = "ClassFactoryDllServerWithRegFile2", "ClassFactoryDllServerWithRegFile2\ClassFactoryDllServerWithRegFile2.vcxproj", "{D8D1C833-2093-4A4F-9DEE-9005F0735271}"
EndProject
Project("{2150E333-8FDC-42A3-9474-1A3956D46DE8}") = "Classfactory2", "Classfactory2", "{06FA1D80-53B5-4A36-B3AC-65CD616F83BB}"
EndProject
Project("{2150E333-8FDC-42A3-9474-1A3956D46DE8}") = "ClassFactory1", "ClassFactory1", "{A4968DB3-75D9-40C0-9222-62CCB8BDD167}"
EndProject
Project("{8BC9CEB8-8B4A-11D0-8D11-00A0C91BC942}") = "ClientOfClassFactoryDllServerWithRegFile2", "ClientOfClassFactoryDllServerWithRegFile2\ClientOfClassFactoryDllServerWithRegFile2.vcxproj", "{07EAA2F0-834C-4860-A0CF-E850C0AC23ED}"
EndProject
Project("{2150E333-8FDC-42A3-9474-1A3956D46DE8}") = "2.Inside_Com_Dale_Rogerson", "2.Inside_Com_Dale_Rogerson", "{78C7C7B2-B599-457E-BE02-AE0DF1BEF7F5}"
EndProject
Project("{8BC9CEB8-8B4A-11D0-8D11-00A0C91BC942}") = "CONTAIN_CMPNT1", "CONTAIN_CMPNT1\CONTAIN_CMPNT1.vcxproj", "{0887D84B-BE55-4581-9AA6-F77F1A9B4D7B}"
EndProject
Project("{2150E333-8FDC-42A3-9474-1A3956D46DE8}") = "Chapter-8", "Chapter-8", "{89989D94-AA4C-4C69-B937-FE12024F7415}"
EndProject
Project("{8BC9CEB8-8B4A-11D0-8D11-00A0C91BC942}") = "CONTAIN_COMPONENT_Y", "CONTAIN_COMPONENT_Y\CONTAIN_COMPONENT_Y.vcxproj", "{BA0FE6A2-7CD0-4C55-A530-F1617797EC5E}"
EndProject
Project("{2150E333-8FDC-42A3-9474-1A3956D46DE8}") = "1.CONTAIN_CMPNT1", "1.CONTAIN_CMPNT1", "{760F65AD-5A6A-4E1B-AABC-ADEB8E600829}"
EndProject
Project("{8BC9CEB8-8B4A-11D0-8D11-00A0C91BC942}") = "CLIENT_OF_CONTAIN_CMPNT1", "CLIENT_OF_CONTAIN_CMPNT1\CLIENT_OF_CONTAIN_CMPNT1.vcxproj", "{12AC755D-B1F8-479D-A9F5-14271C9AB2F9}"
EndProject
Project("{2150E333-8FDC-42A3-9474-1A3956D46DE8}") = "11-ClassProject", "11-ClassProject", "{8342AC80-3DE7-44FC-B19B-88C0327D37F2}"
	ProjectSection(SolutionItems) = preProject
		README1.txt = README1.txt
	EndProjectSection
EndProject
Project("{8BC9CEB8-8B4A-11D0-8D11-00A0C91BC942}") = "1.ClientExe", "ClientExe\ClientExe.vcxproj", "{D90A614C-4DF6-401B-8EDE-91AE656CD89F}"
EndProject
Project("{8BC9CEB8-8B4A-11D0-8D11-00A0C91BC942}") = "2.PhysicsDll1_implicitLink", "2.PhysicsDll1_implicitLink\2.PhysicsDll1_implicitLink.vcxproj", "{79E2E3E0-5051-4F88-8C44-F08BE1F07E2D}"
EndProject
Project("{8BC9CEB8-8B4A-11D0-8D11-00A0C91BC942}") = "3.PhysicsDll2_loadLibrary", "3.PhysicsDll1_loadLibrary\3.PhysicsDll1_loadLibrary.vcxproj", "{5EC01E87-C105-4DC9-B7EE-323534986A57}"
EndProject
Project("{8BC9CEB8-8B4A-11D0-8D11-00A0C91BC942}") = "Toast-CPP-WRL", "Toast\Toast.vcxproj", "{2D9183F6-6672-410E-90BE-5848E4D9F18D}"
EndProject
Project("{8BC9CEB8-8B4A-11D0-8D11-00A0C91BC942}") = "4.Chemistry_ClassFactoryServer", "4.Chemistry_ClassFactoryServer\4.Chemistry_ClassFactoryServer.vcxproj", "{6A91EEC3-BBCC-4F60-B064-EA556B447358}"
EndProject
Project("{2150E333-8FDC-42A3-9474-1A3956D46DE8}") = "Screenshots", "Screenshots", "{F6A4395E-0E04-4540-BB4B-D5D24DA31116}"
	ProjectSection(SolutionItems) = preProject
		ClientExe\BoyelMolarity.PNG = ClientExe\BoyelMolarity.PNG
		ClientExe\BoyelMolarity2.PNG = ClientExe\BoyelMolarity2.PNG
	EndProjectSection
EndProject
Project("{2150E333-8FDC-42A3-9474-1A3956D46DE8}") = "03-Aggregation", "03-Aggregation", "{22E41D7C-C9BD-48EC-AA66-8241B565630F}"
	ProjectSection(SolutionItems) = preProject
		AggregationInnerComponentWithRegFile\AggregationInnerComponentWithRegFile.reg = AggregationInnerComponentWithRegFile\AggregationInnerComponentWithRegFile.reg
		HeaderForClientOfAggregationComponentWithRegFile.h = HeaderForClientOfAggregationComponentWithRegFile.h
	EndProjectSection
EndProject
Project("{8BC9CEB8-8B4A-11D0-8D11-00A0C91BC942}") = "AggregationInnerComponentWithRegFile", "AggregationInnerComponentWithRegFile\AggregationInnerComponentWithRegFile.vcxproj", "{D2655C95-5503-4CF6-A999-A8A93AADD685}"
EndProject
Project("{8BC9CEB8-8B4A-11D0-8D11-00A0C91BC942}") = "AggregationOuterComponentWithRegFile", "AggregationOuterComponentWithRegFile\AggregationOuterComponentWithRegFile.vcxproj", "{9AB3A356-BFE8-47EA-98FC-662BB806ABFD}"
EndProject
Project("{8BC9CEB8-8B4A-11D0-8D11-00A0C91BC942}") = "ClientOfAggregationComponentWithRegFile", "ClientOfAggregationComponentWithRegFile\ClientOfAggregationComponentWithRegFile.vcxproj", "{937DCDAA-3C1F-4BFF-A662-CB49E3F1D8B9}"
EndProject
Project("{2150E333-8FDC-42A3-9474-1A3956D46DE8}") = "12-Punishment-Projects", "12-Punishment-Projects", "{A6E992DF-EBF7-4DD4-8970-2C219078DA2A}"
EndProject
Project("{8BC9CEB8-8B4A-11D0-8D11-00A0C91BC942}") = "UserDataStore", "UserDataStore\UserDataStore.vcxproj", "{7C800EE9-7A01-4289-A77F-C148C387F265}"
EndProject
Project("{2150E333-8FDC-42A3-9474-1A3956D46DE8}") = "06-DotNet", "06-DotNet", "{9004D3AF-55F0-40A7-B16E-FD73BA850D4C}"
EndProject
Project("{2150E333-8FDC-42A3-9474-1A3956D46DE8}") = "07-WinRT", "07-WinRT", "{41F2B036-C2D9-4B8F-AB04-B2784168EC30}"
EndProject
Project("{2150E333-8FDC-42A3-9474-1A3956D46DE8}") = "1_HW1_console_HelloWorldCmdLineCompile", "1_HW1_console_HelloWorldCmdLineCompile", "{3EE8B0F4-6962-432F-B1FD-B3A170C15619}"
	ProjectSection(SolutionItems) = preProject
		helloWorld.cpp = helloWorld.cpp
	EndProjectSection
EndProject
Project("{2150E333-8FDC-42A3-9474-1A3956D46DE8}") = "Toasts", "Toasts", "{C1696AE5-BB49-4579-A2D3-FA1958EBEC27}"
EndProject
Project("{2150E333-8FDC-42A3-9474-1A3956D46DE8}") = "Others", "Others", "{0B60A7B4-E821-4660-9269-3E39FAA6CD73}"
EndProject
Project("{FAE04EC0-301F-11D3-BF4B-00C04F79EFBC}") = "Toast-CSharp-UWP", "Toasts-CSharp\Toast-CSharp-UWP.csproj", "{B946AD37-C28C-42ED-8912-51CA9451FA5A}"
EndProject
Project("{8BC9CEB8-8B4A-11D0-8D11-00A0C91BC942}") = "UserDataStoreFileIO", "UserDataStoreFileIO\UserDataStoreFileIO.vcxproj", "{67531CAC-FC72-4570-9484-1C7C41C02AE6}"
EndProject
Project("{2150E333-8FDC-42A3-9474-1A3956D46DE8}") = "01", "01", "{CBFB0A7D-7259-4F51-A927-047452A2BF50}"
EndProject
Project("{8BC9CEB8-8B4A-11D0-8D11-00A0C91BC942}") = "2_HW2_GUI_1_IDE", "HW2_GUI_1_IDE\HW2_GUI_1_IDE.vcxproj", "{45748747-1707-463A-9FF3-452B43CB5785}"
EndProject
Project("{8BC9CEB8-8B4A-11D0-8D11-00A0C91BC942}") = "3_HW2_GUI_2_NOGRID", "HW2_GUI_2_NOGRID\HW2_GUI_2_NOGRID.vcxproj", "{0412B3A1-31C6-4AFC-AC71-825880E65B16}"
EndProject
Project("{8BC9CEB8-8B4A-11D0-8D11-00A0C91BC942}") = "4_HW2_NO_GRID_NO_PAGE", "HW2_NO_GRID_NO_PAGE\HW2_NO_GRID_NO_PAGE.vcxproj", "{E6F63B5D-AC4C-4F38-9078-512069A9AF9C}"
EndProject
Project("{8BC9CEB8-8B4A-11D0-8D11-00A0C91BC942}") = "5_HW2_NO_GRID_NO_PAGE_NO_APP", "HW2_NO_GRID_NO_PAGE_NO_APP\HW2_NO_GRID_NO_PAGE_NO_APP.vcxproj", "{2E1756FB-32C1-43E2-8B5F-FA0CA5BEBB35}"
EndProject
Project("{8BC9CEB8-8B4A-11D0-8D11-00A0C91BC942}") = "6_EventHandling", "6_EventHandling\6_EventHandling.vcxproj", "{5AF8F248-AF48-4D2C-A925-48B730A08F29}"
EndProject
Project("{2150E333-8FDC-42A3-9474-1A3956D46DE8}") = "8_Console_Create_UWP_Package", "8_Console_Create_UWP_Package", "{CA956A18-4D7F-4FC3-B93B-3BAAABE6F95D}"
	ProjectSection(SolutionItems) = preProject
		7_Console_Create_UWP_Package\MyApp.cpp = 7_Console_Create_UWP_Package\MyApp.cpp
		7_Console_Create_UWP_Package\README.txt = 7_Console_Create_UWP_Package\README.txt
	EndProjectSection
EndProject
Project("{2150E333-8FDC-42A3-9474-1A3956D46DE8}") = "04-Automation", "04-Automation", "{1B1A93B6-9BC1-4B63-A59E-B76F0995916D}"
EndProject
Project("{8BC9CEB8-8B4A-11D0-8D11-00A0C91BC942}") = "AutomationServerWithRegFile", "AutomationServerWithRegFile\AutomationServerWithRegFile.vcxproj", "{3A913C01-5BE9-4577-ADAF-6F4CBFD3EE69}"
EndProject
Project("{8BC9CEB8-8B4A-11D0-8D11-00A0C91BC942}") = "AutomationProxyStub", "AutomationProxyStub\AutomationProxyStub.vcxproj", "{BA21AE63-2E14-4DB0-A910-D3ED5C998668}"
EndProject
Project("{2150E333-8FDC-42A3-9474-1A3956D46DE8}") = "903-Misc", "903-Misc", "{1ABEB532-896C-4152-A75F-0ED8FD25FA37}"
	ProjectSection(SolutionItems) = preProject
		regtlibv12.exe = regtlibv12.exe
	EndProjectSection
EndProject
Project("{8BC9CEB8-8B4A-11D0-8D11-00A0C91BC942}") = "IClassFactoryAutomationClient", "IClassFactoryAutomationClient\IClassFactoryAutomationClient.vcxproj", "{8168D284-AC0A-4039-A04E-BE797B16454E}"
EndProject
Project("{8BC9CEB8-8B4A-11D0-8D11-00A0C91BC942}") = "IDispatchAutomationClient", "IDispatchAutomationClient\IDispatchAutomationClient.vcxproj", "{80E5359F-76D2-44CB-8105-5A181B0C300F}"
EndProject
Global
	GlobalSection(SolutionConfigurationPlatforms) = preSolution
		Debug|ARM = Debug|ARM
		Debug|x64 = Debug|x64
		Debug|x86 = Debug|x86
		Release|ARM = Release|ARM
		Release|x64 = Release|x64
		Release|x86 = Release|x86
	EndGlobalSection
	GlobalSection(ProjectConfigurationPlatforms) = postSolution
		{4E1A7E32-4A5A-4606-B646-4C7D6EE08600}.Debug|ARM.ActiveCfg = Debug|Win32
		{4E1A7E32-4A5A-4606-B646-4C7D6EE08600}.Debug|x64.ActiveCfg = Debug|x64
		{4E1A7E32-4A5A-4606-B646-4C7D6EE08600}.Debug|x64.Build.0 = Debug|x64
		{4E1A7E32-4A5A-4606-B646-4C7D6EE08600}.Debug|x86.ActiveCfg = Debug|Win32
		{4E1A7E32-4A5A-4606-B646-4C7D6EE08600}.Debug|x86.Build.0 = Debug|Win32
		{4E1A7E32-4A5A-4606-B646-4C7D6EE08600}.Release|ARM.ActiveCfg = Release|Win32
		{4E1A7E32-4A5A-4606-B646-4C7D6EE08600}.Release|x64.ActiveCfg = Release|x64
		{4E1A7E32-4A5A-4606-B646-4C7D6EE08600}.Release|x64.Build.0 = Release|x64
		{4E1A7E32-4A5A-4606-B646-4C7D6EE08600}.Release|x86.ActiveCfg = Release|Win32
		{4E1A7E32-4A5A-4606-B646-4C7D6EE08600}.Release|x86.Build.0 = Release|Win32
		{1E8B9FDA-A549-4E3D-9E94-92D7072C1A56}.Debug|ARM.ActiveCfg = Debug|Win32
		{1E8B9FDA-A549-4E3D-9E94-92D7072C1A56}.Debug|x64.ActiveCfg = Debug|x64
		{1E8B9FDA-A549-4E3D-9E94-92D7072C1A56}.Debug|x64.Build.0 = Debug|x64
		{1E8B9FDA-A549-4E3D-9E94-92D7072C1A56}.Debug|x86.ActiveCfg = Debug|Win32
		{1E8B9FDA-A549-4E3D-9E94-92D7072C1A56}.Debug|x86.Build.0 = Debug|Win32
		{1E8B9FDA-A549-4E3D-9E94-92D7072C1A56}.Release|ARM.ActiveCfg = Release|Win32
		{1E8B9FDA-A549-4E3D-9E94-92D7072C1A56}.Release|x64.ActiveCfg = Release|x64
		{1E8B9FDA-A549-4E3D-9E94-92D7072C1A56}.Release|x64.Build.0 = Release|x64
		{1E8B9FDA-A549-4E3D-9E94-92D7072C1A56}.Release|x86.ActiveCfg = Release|Win32
		{1E8B9FDA-A549-4E3D-9E94-92D7072C1A56}.Release|x86.Build.0 = Release|Win32
		{FA81DCED-B3C0-43D5-927E-D32198A9B1FF}.Debug|ARM.ActiveCfg = Debug|Win32
		{FA81DCED-B3C0-43D5-927E-D32198A9B1FF}.Debug|x64.ActiveCfg = Debug|x64
		{FA81DCED-B3C0-43D5-927E-D32198A9B1FF}.Debug|x64.Build.0 = Debug|x64
		{FA81DCED-B3C0-43D5-927E-D32198A9B1FF}.Debug|x86.ActiveCfg = Debug|Win32
		{FA81DCED-B3C0-43D5-927E-D32198A9B1FF}.Debug|x86.Build.0 = Debug|Win32
		{FA81DCED-B3C0-43D5-927E-D32198A9B1FF}.Release|ARM.ActiveCfg = Release|Win32
		{FA81DCED-B3C0-43D5-927E-D32198A9B1FF}.Release|x64.ActiveCfg = Release|x64
		{FA81DCED-B3C0-43D5-927E-D32198A9B1FF}.Release|x64.Build.0 = Release|x64
		{FA81DCED-B3C0-43D5-927E-D32198A9B1FF}.Release|x86.ActiveCfg = Release|Win32
		{FA81DCED-B3C0-43D5-927E-D32198A9B1FF}.Release|x86.Build.0 = Release|Win32
		{8E246451-25B3-4F09-9971-92893FED1323}.Debug|ARM.ActiveCfg = Debug|Win32
		{8E246451-25B3-4F09-9971-92893FED1323}.Debug|x64.ActiveCfg = Debug|x64
		{8E246451-25B3-4F09-9971-92893FED1323}.Debug|x64.Build.0 = Debug|x64
		{8E246451-25B3-4F09-9971-92893FED1323}.Debug|x86.ActiveCfg = Debug|Win32
		{8E246451-25B3-4F09-9971-92893FED1323}.Debug|x86.Build.0 = Debug|Win32
		{8E246451-25B3-4F09-9971-92893FED1323}.Release|ARM.ActiveCfg = Release|Win32
		{8E246451-25B3-4F09-9971-92893FED1323}.Release|x64.ActiveCfg = Release|x64
		{8E246451-25B3-4F09-9971-92893FED1323}.Release|x64.Build.0 = Release|x64
		{8E246451-25B3-4F09-9971-92893FED1323}.Release|x86.ActiveCfg = Release|Win32
		{8E246451-25B3-4F09-9971-92893FED1323}.Release|x86.Build.0 = Release|Win32
		{0427A6E3-8FAC-4A01-9CF5-1E4B7A1B8970}.Debug|ARM.ActiveCfg = Debug|Win32
		{0427A6E3-8FAC-4A01-9CF5-1E4B7A1B8970}.Debug|x64.ActiveCfg = Debug|x64
		{0427A6E3-8FAC-4A01-9CF5-1E4B7A1B8970}.Debug|x64.Build.0 = Debug|x64
		{0427A6E3-8FAC-4A01-9CF5-1E4B7A1B8970}.Debug|x86.ActiveCfg = Debug|Win32
		{0427A6E3-8FAC-4A01-9CF5-1E4B7A1B8970}.Debug|x86.Build.0 = Debug|Win32
		{0427A6E3-8FAC-4A01-9CF5-1E4B7A1B8970}.Release|ARM.ActiveCfg = Release|Win32
		{0427A6E3-8FAC-4A01-9CF5-1E4B7A1B8970}.Release|x64.ActiveCfg = Release|x64
		{0427A6E3-8FAC-4A01-9CF5-1E4B7A1B8970}.Release|x64.Build.0 = Release|x64
		{0427A6E3-8FAC-4A01-9CF5-1E4B7A1B8970}.Release|x86.ActiveCfg = Release|Win32
		{0427A6E3-8FAC-4A01-9CF5-1E4B7A1B8970}.Release|x86.Build.0 = Release|Win32
		{925E1822-9CAE-41E3-BA81-8CF81CD5FE5A}.Debug|ARM.ActiveCfg = Debug|Win32
		{925E1822-9CAE-41E3-BA81-8CF81CD5FE5A}.Debug|x64.ActiveCfg = Debug|x64
		{925E1822-9CAE-41E3-BA81-8CF81CD5FE5A}.Debug|x64.Build.0 = Debug|x64
		{925E1822-9CAE-41E3-BA81-8CF81CD5FE5A}.Debug|x86.ActiveCfg = Debug|Win32
		{925E1822-9CAE-41E3-BA81-8CF81CD5FE5A}.Debug|x86.Build.0 = Debug|Win32
		{925E1822-9CAE-41E3-BA81-8CF81CD5FE5A}.Release|ARM.ActiveCfg = Release|Win32
		{925E1822-9CAE-41E3-BA81-8CF81CD5FE5A}.Release|x64.ActiveCfg = Release|x64
		{925E1822-9CAE-41E3-BA81-8CF81CD5FE5A}.Release|x64.Build.0 = Release|x64
		{925E1822-9CAE-41E3-BA81-8CF81CD5FE5A}.Release|x86.ActiveCfg = Release|Win32
		{925E1822-9CAE-41E3-BA81-8CF81CD5FE5A}.Release|x86.Build.0 = Release|Win32
		{4B0EE37E-E04C-4820-B75B-28D26F52A822}.Debug|ARM.ActiveCfg = Debug|Win32
		{4B0EE37E-E04C-4820-B75B-28D26F52A822}.Debug|x64.ActiveCfg = Debug|x64
		{4B0EE37E-E04C-4820-B75B-28D26F52A822}.Debug|x64.Build.0 = Debug|x64
		{4B0EE37E-E04C-4820-B75B-28D26F52A822}.Debug|x86.ActiveCfg = Debug|Win32
		{4B0EE37E-E04C-4820-B75B-28D26F52A822}.Debug|x86.Build.0 = Debug|Win32
		{4B0EE37E-E04C-4820-B75B-28D26F52A822}.Release|ARM.ActiveCfg = Release|Win32
		{4B0EE37E-E04C-4820-B75B-28D26F52A822}.Release|x64.ActiveCfg = Release|x64
		{4B0EE37E-E04C-4820-B75B-28D26F52A822}.Release|x64.Build.0 = Release|x64
		{4B0EE37E-E04C-4820-B75B-28D26F52A822}.Release|x86.ActiveCfg = Release|Win32
		{4B0EE37E-E04C-4820-B75B-28D26F52A822}.Release|x86.Build.0 = Release|Win32
		{59A13119-F386-4A44-9385-A373BB929D70}.Debug|ARM.ActiveCfg = Debug|Win32
		{59A13119-F386-4A44-9385-A373BB929D70}.Debug|x64.ActiveCfg = Debug|x64
		{59A13119-F386-4A44-9385-A373BB929D70}.Debug|x64.Build.0 = Debug|x64
		{59A13119-F386-4A44-9385-A373BB929D70}.Debug|x86.ActiveCfg = Debug|Win32
		{59A13119-F386-4A44-9385-A373BB929D70}.Debug|x86.Build.0 = Debug|Win32
		{59A13119-F386-4A44-9385-A373BB929D70}.Release|ARM.ActiveCfg = Release|Win32
		{59A13119-F386-4A44-9385-A373BB929D70}.Release|x64.ActiveCfg = Release|x64
		{59A13119-F386-4A44-9385-A373BB929D70}.Release|x64.Build.0 = Release|x64
		{59A13119-F386-4A44-9385-A373BB929D70}.Release|x86.ActiveCfg = Release|Win32
		{59A13119-F386-4A44-9385-A373BB929D70}.Release|x86.Build.0 = Release|Win32
		{C8C63A1E-D47A-4F3B-896B-0276E7240C64}.Debug|ARM.ActiveCfg = Debug|Win32
		{C8C63A1E-D47A-4F3B-896B-0276E7240C64}.Debug|x64.ActiveCfg = Debug|x64
		{C8C63A1E-D47A-4F3B-896B-0276E7240C64}.Debug|x64.Build.0 = Debug|x64
		{C8C63A1E-D47A-4F3B-896B-0276E7240C64}.Debug|x86.ActiveCfg = Debug|Win32
		{C8C63A1E-D47A-4F3B-896B-0276E7240C64}.Debug|x86.Build.0 = Debug|Win32
		{C8C63A1E-D47A-4F3B-896B-0276E7240C64}.Release|ARM.ActiveCfg = Release|Win32
		{C8C63A1E-D47A-4F3B-896B-0276E7240C64}.Release|x64.ActiveCfg = Release|x64
		{C8C63A1E-D47A-4F3B-896B-0276E7240C64}.Release|x64.Build.0 = Release|x64
		{C8C63A1E-D47A-4F3B-896B-0276E7240C64}.Release|x86.ActiveCfg = Release|Win32
		{C8C63A1E-D47A-4F3B-896B-0276E7240C64}.Release|x86.Build.0 = Release|Win32
		{5DFE6B2C-3C2C-4CBF-93E5-AE1BAE24DC86}.Debug|ARM.ActiveCfg = Debug|Win32
		{5DFE6B2C-3C2C-4CBF-93E5-AE1BAE24DC86}.Debug|x64.ActiveCfg = Debug|x64
		{5DFE6B2C-3C2C-4CBF-93E5-AE1BAE24DC86}.Debug|x64.Build.0 = Debug|x64
		{5DFE6B2C-3C2C-4CBF-93E5-AE1BAE24DC86}.Debug|x86.ActiveCfg = Debug|Win32
		{5DFE6B2C-3C2C-4CBF-93E5-AE1BAE24DC86}.Debug|x86.Build.0 = Debug|Win32
		{5DFE6B2C-3C2C-4CBF-93E5-AE1BAE24DC86}.Release|ARM.ActiveCfg = Release|Win32
		{5DFE6B2C-3C2C-4CBF-93E5-AE1BAE24DC86}.Release|x64.ActiveCfg = Release|x64
		{5DFE6B2C-3C2C-4CBF-93E5-AE1BAE24DC86}.Release|x64.Build.0 = Release|x64
		{5DFE6B2C-3C2C-4CBF-93E5-AE1BAE24DC86}.Release|x86.ActiveCfg = Release|Win32
		{5DFE6B2C-3C2C-4CBF-93E5-AE1BAE24DC86}.Release|x86.Build.0 = Release|Win32
		{2F9AD067-A730-437E-B0F5-93BCF70C79BE}.Debug|ARM.ActiveCfg = Debug|Win32
		{2F9AD067-A730-437E-B0F5-93BCF70C79BE}.Debug|x64.ActiveCfg = Debug|x64
		{2F9AD067-A730-437E-B0F5-93BCF70C79BE}.Debug|x64.Build.0 = Debug|x64
		{2F9AD067-A730-437E-B0F5-93BCF70C79BE}.Debug|x86.ActiveCfg = Debug|Win32
		{2F9AD067-A730-437E-B0F5-93BCF70C79BE}.Debug|x86.Build.0 = Debug|Win32
		{2F9AD067-A730-437E-B0F5-93BCF70C79BE}.Release|ARM.ActiveCfg = Release|Win32
		{2F9AD067-A730-437E-B0F5-93BCF70C79BE}.Release|x64.ActiveCfg = Release|x64
		{2F9AD067-A730-437E-B0F5-93BCF70C79BE}.Release|x64.Build.0 = Release|x64
		{2F9AD067-A730-437E-B0F5-93BCF70C79BE}.Release|x86.ActiveCfg = Release|Win32
		{2F9AD067-A730-437E-B0F5-93BCF70C79BE}.Release|x86.Build.0 = Release|Win32
		{3EFC7184-F5BC-43D5-9B5D-1D5563351CA4}.Debug|ARM.ActiveCfg = Debug|Win32
		{3EFC7184-F5BC-43D5-9B5D-1D5563351CA4}.Debug|x64.ActiveCfg = Debug|x64
		{3EFC7184-F5BC-43D5-9B5D-1D5563351CA4}.Debug|x64.Build.0 = Debug|x64
		{3EFC7184-F5BC-43D5-9B5D-1D5563351CA4}.Debug|x86.ActiveCfg = Debug|Win32
		{3EFC7184-F5BC-43D5-9B5D-1D5563351CA4}.Debug|x86.Build.0 = Debug|Win32
		{3EFC7184-F5BC-43D5-9B5D-1D5563351CA4}.Release|ARM.ActiveCfg = Release|Win32
		{3EFC7184-F5BC-43D5-9B5D-1D5563351CA4}.Release|x64.ActiveCfg = Release|x64
		{3EFC7184-F5BC-43D5-9B5D-1D5563351CA4}.Release|x64.Build.0 = Release|x64
		{3EFC7184-F5BC-43D5-9B5D-1D5563351CA4}.Release|x86.ActiveCfg = Release|Win32
		{3EFC7184-F5BC-43D5-9B5D-1D5563351CA4}.Release|x86.Build.0 = Release|Win32
		{09A69E0C-6A30-46A2-9990-7B27D01F1C96}.Debug|ARM.ActiveCfg = Debug|Win32
		{09A69E0C-6A30-46A2-9990-7B27D01F1C96}.Debug|x64.ActiveCfg = Debug|x64
		{09A69E0C-6A30-46A2-9990-7B27D01F1C96}.Debug|x64.Build.0 = Debug|x64
		{09A69E0C-6A30-46A2-9990-7B27D01F1C96}.Debug|x86.ActiveCfg = Debug|Win32
		{09A69E0C-6A30-46A2-9990-7B27D01F1C96}.Debug|x86.Build.0 = Debug|Win32
		{09A69E0C-6A30-46A2-9990-7B27D01F1C96}.Release|ARM.ActiveCfg = Release|Win32
		{09A69E0C-6A30-46A2-9990-7B27D01F1C96}.Release|x64.ActiveCfg = Release|x64
		{09A69E0C-6A30-46A2-9990-7B27D01F1C96}.Release|x64.Build.0 = Release|x64
		{09A69E0C-6A30-46A2-9990-7B27D01F1C96}.Release|x86.ActiveCfg = Release|Win32
		{09A69E0C-6A30-46A2-9990-7B27D01F1C96}.Release|x86.Build.0 = Release|Win32
		{A0EE10D7-9A91-4BEB-9638-20546B3A7EAC}.Debug|ARM.ActiveCfg = Debug|Win32
		{A0EE10D7-9A91-4BEB-9638-20546B3A7EAC}.Debug|x64.ActiveCfg = Debug|x64
		{A0EE10D7-9A91-4BEB-9638-20546B3A7EAC}.Debug|x64.Build.0 = Debug|x64
		{A0EE10D7-9A91-4BEB-9638-20546B3A7EAC}.Debug|x86.ActiveCfg = Debug|Win32
		{A0EE10D7-9A91-4BEB-9638-20546B3A7EAC}.Debug|x86.Build.0 = Debug|Win32
		{A0EE10D7-9A91-4BEB-9638-20546B3A7EAC}.Release|ARM.ActiveCfg = Release|Win32
		{A0EE10D7-9A91-4BEB-9638-20546B3A7EAC}.Release|x64.ActiveCfg = Release|x64
		{A0EE10D7-9A91-4BEB-9638-20546B3A7EAC}.Release|x64.Build.0 = Release|x64
		{A0EE10D7-9A91-4BEB-9638-20546B3A7EAC}.Release|x86.ActiveCfg = Release|Win32
		{A0EE10D7-9A91-4BEB-9638-20546B3A7EAC}.Release|x86.Build.0 = Release|Win32
		{C617F5FE-5A46-4257-B7FB-8D20AF39E459}.Debug|ARM.ActiveCfg = Debug|Win32
		{C617F5FE-5A46-4257-B7FB-8D20AF39E459}.Debug|x64.ActiveCfg = Debug|x64
		{C617F5FE-5A46-4257-B7FB-8D20AF39E459}.Debug|x64.Build.0 = Debug|x64
		{C617F5FE-5A46-4257-B7FB-8D20AF39E459}.Debug|x86.ActiveCfg = Debug|Win32
		{C617F5FE-5A46-4257-B7FB-8D20AF39E459}.Debug|x86.Build.0 = Debug|Win32
		{C617F5FE-5A46-4257-B7FB-8D20AF39E459}.Release|ARM.ActiveCfg = Release|Win32
		{C617F5FE-5A46-4257-B7FB-8D20AF39E459}.Release|x64.ActiveCfg = Release|x64
		{C617F5FE-5A46-4257-B7FB-8D20AF39E459}.Release|x64.Build.0 = Release|x64
		{C617F5FE-5A46-4257-B7FB-8D20AF39E459}.Release|x86.ActiveCfg = Release|Win32
		{C617F5FE-5A46-4257-B7FB-8D20AF39E459}.Release|x86.Build.0 = Release|Win32
		{D476C4A5-53C0-459C-84A4-59DDCFBE1C5E}.Debug|ARM.ActiveCfg = Debug|Win32
		{D476C4A5-53C0-459C-84A4-59DDCFBE1C5E}.Debug|x64.ActiveCfg = Debug|x64
		{D476C4A5-53C0-459C-84A4-59DDCFBE1C5E}.Debug|x64.Build.0 = Debug|x64
		{D476C4A5-53C0-459C-84A4-59DDCFBE1C5E}.Debug|x86.ActiveCfg = Debug|Win32
		{D476C4A5-53C0-459C-84A4-59DDCFBE1C5E}.Debug|x86.Build.0 = Debug|Win32
		{D476C4A5-53C0-459C-84A4-59DDCFBE1C5E}.Release|ARM.ActiveCfg = Release|Win32
		{D476C4A5-53C0-459C-84A4-59DDCFBE1C5E}.Release|x64.ActiveCfg = Release|x64
		{D476C4A5-53C0-459C-84A4-59DDCFBE1C5E}.Release|x64.Build.0 = Release|x64
		{D476C4A5-53C0-459C-84A4-59DDCFBE1C5E}.Release|x86.ActiveCfg = Release|Win32
		{D476C4A5-53C0-459C-84A4-59DDCFBE1C5E}.Release|x86.Build.0 = Release|Win32
		{5E7301F0-8B34-48B0-8123-2B180D11C0FB}.Debug|ARM.ActiveCfg = Debug|Win32
		{5E7301F0-8B34-48B0-8123-2B180D11C0FB}.Debug|x64.ActiveCfg = Debug|x64
		{5E7301F0-8B34-48B0-8123-2B180D11C0FB}.Debug|x64.Build.0 = Debug|x64
		{5E7301F0-8B34-48B0-8123-2B180D11C0FB}.Debug|x86.ActiveCfg = Debug|Win32
		{5E7301F0-8B34-48B0-8123-2B180D11C0FB}.Debug|x86.Build.0 = Debug|Win32
		{5E7301F0-8B34-48B0-8123-2B180D11C0FB}.Release|ARM.ActiveCfg = Release|Win32
		{5E7301F0-8B34-48B0-8123-2B180D11C0FB}.Release|x64.ActiveCfg = Release|x64
		{5E7301F0-8B34-48B0-8123-2B180D11C0FB}.Release|x64.Build.0 = Release|x64
		{5E7301F0-8B34-48B0-8123-2B180D11C0FB}.Release|x86.ActiveCfg = Release|Win32
		{5E7301F0-8B34-48B0-8123-2B180D11C0FB}.Release|x86.Build.0 = Release|Win32
		{3D008B28-1BAA-4EC9-BE71-BB3AFCDD7B6C}.Debug|ARM.ActiveCfg = Debug|Win32
		{3D008B28-1BAA-4EC9-BE71-BB3AFCDD7B6C}.Debug|x64.ActiveCfg = Debug|x64
		{3D008B28-1BAA-4EC9-BE71-BB3AFCDD7B6C}.Debug|x64.Build.0 = Debug|x64
		{3D008B28-1BAA-4EC9-BE71-BB3AFCDD7B6C}.Debug|x86.ActiveCfg = Debug|Win32
		{3D008B28-1BAA-4EC9-BE71-BB3AFCDD7B6C}.Debug|x86.Build.0 = Debug|Win32
		{3D008B28-1BAA-4EC9-BE71-BB3AFCDD7B6C}.Release|ARM.ActiveCfg = Release|Win32
		{3D008B28-1BAA-4EC9-BE71-BB3AFCDD7B6C}.Release|x64.ActiveCfg = Release|x64
		{3D008B28-1BAA-4EC9-BE71-BB3AFCDD7B6C}.Release|x64.Build.0 = Release|x64
		{3D008B28-1BAA-4EC9-BE71-BB3AFCDD7B6C}.Release|x86.ActiveCfg = Release|Win32
		{3D008B28-1BAA-4EC9-BE71-BB3AFCDD7B6C}.Release|x86.Build.0 = Release|Win32
		{360D72B7-BE0B-4EBD-982D-212062F54E51}.Debug|ARM.ActiveCfg = Debug|Win32
		{360D72B7-BE0B-4EBD-982D-212062F54E51}.Debug|x64.ActiveCfg = Debug|x64
		{360D72B7-BE0B-4EBD-982D-212062F54E51}.Debug|x64.Build.0 = Debug|x64
		{360D72B7-BE0B-4EBD-982D-212062F54E51}.Debug|x86.ActiveCfg = Debug|Win32
		{360D72B7-BE0B-4EBD-982D-212062F54E51}.Debug|x86.Build.0 = Debug|Win32
		{360D72B7-BE0B-4EBD-982D-212062F54E51}.Release|ARM.ActiveCfg = Release|Win32
		{360D72B7-BE0B-4EBD-982D-212062F54E51}.Release|x64.ActiveCfg = Release|x64
		{360D72B7-BE0B-4EBD-982D-212062F54E51}.Release|x64.Build.0 = Release|x64
		{360D72B7-BE0B-4EBD-982D-212062F54E51}.Release|x86.ActiveCfg = Release|Win32
		{360D72B7-BE0B-4EBD-982D-212062F54E51}.Release|x86.Build.0 = Release|Win32
		{4A7C3E76-CE3A-4445-AAE4-32DCF6DAA23B}.Debug|ARM.ActiveCfg = Debug|Win32
		{4A7C3E76-CE3A-4445-AAE4-32DCF6DAA23B}.Debug|x64.ActiveCfg = Debug|x64
		{4A7C3E76-CE3A-4445-AAE4-32DCF6DAA23B}.Debug|x64.Build.0 = Debug|x64
		{4A7C3E76-CE3A-4445-AAE4-32DCF6DAA23B}.Debug|x86.ActiveCfg = Debug|Win32
		{4A7C3E76-CE3A-4445-AAE4-32DCF6DAA23B}.Debug|x86.Build.0 = Debug|Win32
		{4A7C3E76-CE3A-4445-AAE4-32DCF6DAA23B}.Release|ARM.ActiveCfg = Release|Win32
		{4A7C3E76-CE3A-4445-AAE4-32DCF6DAA23B}.Release|x64.ActiveCfg = Release|x64
		{4A7C3E76-CE3A-4445-AAE4-32DCF6DAA23B}.Release|x64.Build.0 = Release|x64
		{4A7C3E76-CE3A-4445-AAE4-32DCF6DAA23B}.Release|x86.ActiveCfg = Release|Win32
		{4A7C3E76-CE3A-4445-AAE4-32DCF6DAA23B}.Release|x86.Build.0 = Release|Win32
		{5D8AF3B3-37C2-4517-A700-5C29181350D8}.Debug|ARM.ActiveCfg = Debug|Win32
		{5D8AF3B3-37C2-4517-A700-5C29181350D8}.Debug|x64.ActiveCfg = Debug|x64
		{5D8AF3B3-37C2-4517-A700-5C29181350D8}.Debug|x64.Build.0 = Debug|x64
		{5D8AF3B3-37C2-4517-A700-5C29181350D8}.Debug|x86.ActiveCfg = Debug|Win32
		{5D8AF3B3-37C2-4517-A700-5C29181350D8}.Debug|x86.Build.0 = Debug|Win32
		{5D8AF3B3-37C2-4517-A700-5C29181350D8}.Release|ARM.ActiveCfg = Release|Win32
		{5D8AF3B3-37C2-4517-A700-5C29181350D8}.Release|x64.ActiveCfg = Release|x64
		{5D8AF3B3-37C2-4517-A700-5C29181350D8}.Release|x64.Build.0 = Release|x64
		{5D8AF3B3-37C2-4517-A700-5C29181350D8}.Release|x86.ActiveCfg = Release|Win32
		{5D8AF3B3-37C2-4517-A700-5C29181350D8}.Release|x86.Build.0 = Release|Win32
		{301D7B67-7088-41BD-8D07-E2CDB96865E6}.Debug|ARM.ActiveCfg = Debug|Win32
		{301D7B67-7088-41BD-8D07-E2CDB96865E6}.Debug|x64.ActiveCfg = Debug|x64
		{301D7B67-7088-41BD-8D07-E2CDB96865E6}.Debug|x64.Build.0 = Debug|x64
		{301D7B67-7088-41BD-8D07-E2CDB96865E6}.Debug|x86.ActiveCfg = Debug|Win32
		{301D7B67-7088-41BD-8D07-E2CDB96865E6}.Debug|x86.Build.0 = Debug|Win32
		{301D7B67-7088-41BD-8D07-E2CDB96865E6}.Release|ARM.ActiveCfg = Release|Win32
		{301D7B67-7088-41BD-8D07-E2CDB96865E6}.Release|x64.ActiveCfg = Release|x64
		{301D7B67-7088-41BD-8D07-E2CDB96865E6}.Release|x64.Build.0 = Release|x64
		{301D7B67-7088-41BD-8D07-E2CDB96865E6}.Release|x86.ActiveCfg = Release|Win32
		{301D7B67-7088-41BD-8D07-E2CDB96865E6}.Release|x86.Build.0 = Release|Win32
		{64DA55EF-AAC5-497D-B3FF-537223B02056}.Debug|ARM.ActiveCfg = Debug|Win32
		{64DA55EF-AAC5-497D-B3FF-537223B02056}.Debug|x64.ActiveCfg = Debug|x64
		{64DA55EF-AAC5-497D-B3FF-537223B02056}.Debug|x64.Build.0 = Debug|x64
		{64DA55EF-AAC5-497D-B3FF-537223B02056}.Debug|x86.ActiveCfg = Debug|Win32
		{64DA55EF-AAC5-497D-B3FF-537223B02056}.Debug|x86.Build.0 = Debug|Win32
		{64DA55EF-AAC5-497D-B3FF-537223B02056}.Release|ARM.ActiveCfg = Release|Win32
		{64DA55EF-AAC5-497D-B3FF-537223B02056}.Release|x64.ActiveCfg = Release|x64
		{64DA55EF-AAC5-497D-B3FF-537223B02056}.Release|x64.Build.0 = Release|x64
		{64DA55EF-AAC5-497D-B3FF-537223B02056}.Release|x86.ActiveCfg = Release|Win32
		{64DA55EF-AAC5-497D-B3FF-537223B02056}.Release|x86.Build.0 = Release|Win32
		{6C8144BB-1F77-4BD0-8016-D2728C3F5EB8}.Debug|ARM.ActiveCfg = Debug|Win32
		{6C8144BB-1F77-4BD0-8016-D2728C3F5EB8}.Debug|x64.ActiveCfg = Debug|x64
		{6C8144BB-1F77-4BD0-8016-D2728C3F5EB8}.Debug|x64.Build.0 = Debug|x64
		{6C8144BB-1F77-4BD0-8016-D2728C3F5EB8}.Debug|x86.ActiveCfg = Debug|Win32
		{6C8144BB-1F77-4BD0-8016-D2728C3F5EB8}.Debug|x86.Build.0 = Debug|Win32
		{6C8144BB-1F77-4BD0-8016-D2728C3F5EB8}.Release|ARM.ActiveCfg = Release|Win32
		{6C8144BB-1F77-4BD0-8016-D2728C3F5EB8}.Release|x64.ActiveCfg = Release|x64
		{6C8144BB-1F77-4BD0-8016-D2728C3F5EB8}.Release|x64.Build.0 = Release|x64
		{6C8144BB-1F77-4BD0-8016-D2728C3F5EB8}.Release|x86.ActiveCfg = Release|Win32
		{6C8144BB-1F77-4BD0-8016-D2728C3F5EB8}.Release|x86.Build.0 = Release|Win32
		{33629C03-55AC-4CB7-8E07-C8F337940277}.Debug|ARM.ActiveCfg = Debug|Win32
		{33629C03-55AC-4CB7-8E07-C8F337940277}.Debug|x64.ActiveCfg = Debug|x64
		{33629C03-55AC-4CB7-8E07-C8F337940277}.Debug|x64.Build.0 = Debug|x64
		{33629C03-55AC-4CB7-8E07-C8F337940277}.Debug|x86.ActiveCfg = Debug|Win32
		{33629C03-55AC-4CB7-8E07-C8F337940277}.Debug|x86.Build.0 = Debug|Win32
		{33629C03-55AC-4CB7-8E07-C8F337940277}.Release|ARM.ActiveCfg = Release|Win32
		{33629C03-55AC-4CB7-8E07-C8F337940277}.Release|x64.ActiveCfg = Release|x64
		{33629C03-55AC-4CB7-8E07-C8F337940277}.Release|x64.Build.0 = Release|x64
		{33629C03-55AC-4CB7-8E07-C8F337940277}.Release|x86.ActiveCfg = Release|Win32
		{33629C03-55AC-4CB7-8E07-C8F337940277}.Release|x86.Build.0 = Release|Win32
		{24B6EAB3-7284-4E90-B9EE-DC4E1D7AECA8}.Debug|ARM.ActiveCfg = Debug|Win32
		{24B6EAB3-7284-4E90-B9EE-DC4E1D7AECA8}.Debug|x64.ActiveCfg = Debug|x64
		{24B6EAB3-7284-4E90-B9EE-DC4E1D7AECA8}.Debug|x64.Build.0 = Debug|x64
		{24B6EAB3-7284-4E90-B9EE-DC4E1D7AECA8}.Debug|x86.ActiveCfg = Debug|Win32
		{24B6EAB3-7284-4E90-B9EE-DC4E1D7AECA8}.Debug|x86.Build.0 = Debug|Win32
		{24B6EAB3-7284-4E90-B9EE-DC4E1D7AECA8}.Release|ARM.ActiveCfg = Release|Win32
		{24B6EAB3-7284-4E90-B9EE-DC4E1D7AECA8}.Release|x64.ActiveCfg = Release|x64
		{24B6EAB3-7284-4E90-B9EE-DC4E1D7AECA8}.Release|x64.Build.0 = Release|x64
		{24B6EAB3-7284-4E90-B9EE-DC4E1D7AECA8}.Release|x86.ActiveCfg = Release|Win32
		{24B6EAB3-7284-4E90-B9EE-DC4E1D7AECA8}.Release|x86.Build.0 = Release|Win32
		{CBE411B1-1378-454A-B7A3-02A97ABE2A37}.Debug|ARM.ActiveCfg = Debug|Win32
		{CBE411B1-1378-454A-B7A3-02A97ABE2A37}.Debug|x64.ActiveCfg = Debug|x64
		{CBE411B1-1378-454A-B7A3-02A97ABE2A37}.Debug|x64.Build.0 = Debug|x64
		{CBE411B1-1378-454A-B7A3-02A97ABE2A37}.Debug|x86.ActiveCfg = Debug|Win32
		{CBE411B1-1378-454A-B7A3-02A97ABE2A37}.Debug|x86.Build.0 = Debug|Win32
		{CBE411B1-1378-454A-B7A3-02A97ABE2A37}.Release|ARM.ActiveCfg = Release|Win32
		{CBE411B1-1378-454A-B7A3-02A97ABE2A37}.Release|x64.ActiveCfg = Release|x64
		{CBE411B1-1378-454A-B7A3-02A97ABE2A37}.Release|x64.Build.0 = Release|x64
		{CBE411B1-1378-454A-B7A3-02A97ABE2A37}.Release|x86.ActiveCfg = Release|Win32
		{CBE411B1-1378-454A-B7A3-02A97ABE2A37}.Release|x86.Build.0 = Release|Win32
		{58E6388F-7CA2-4008-B6AA-926DB2CF3761}.Debug|ARM.ActiveCfg = Debug|Win32
		{58E6388F-7CA2-4008-B6AA-926DB2CF3761}.Debug|x64.ActiveCfg = Debug|x64
		{58E6388F-7CA2-4008-B6AA-926DB2CF3761}.Debug|x64.Build.0 = Debug|x64
		{58E6388F-7CA2-4008-B6AA-926DB2CF3761}.Debug|x86.ActiveCfg = Debug|Win32
		{58E6388F-7CA2-4008-B6AA-926DB2CF3761}.Debug|x86.Build.0 = Debug|Win32
		{58E6388F-7CA2-4008-B6AA-926DB2CF3761}.Release|ARM.ActiveCfg = Release|Win32
		{58E6388F-7CA2-4008-B6AA-926DB2CF3761}.Release|x64.ActiveCfg = Release|x64
		{58E6388F-7CA2-4008-B6AA-926DB2CF3761}.Release|x64.Build.0 = Release|x64
		{58E6388F-7CA2-4008-B6AA-926DB2CF3761}.Release|x86.ActiveCfg = Release|Win32
		{58E6388F-7CA2-4008-B6AA-926DB2CF3761}.Release|x86.Build.0 = Release|Win32
		{FF204E0B-BCAB-4529-B17A-E7B9FA9D483F}.Debug|ARM.ActiveCfg = Debug|Win32
		{FF204E0B-BCAB-4529-B17A-E7B9FA9D483F}.Debug|x64.ActiveCfg = Debug|x64
		{FF204E0B-BCAB-4529-B17A-E7B9FA9D483F}.Debug|x64.Build.0 = Debug|x64
		{FF204E0B-BCAB-4529-B17A-E7B9FA9D483F}.Debug|x86.ActiveCfg = Debug|Win32
		{FF204E0B-BCAB-4529-B17A-E7B9FA9D483F}.Debug|x86.Build.0 = Debug|Win32
		{FF204E0B-BCAB-4529-B17A-E7B9FA9D483F}.Release|ARM.ActiveCfg = Release|Win32
		{FF204E0B-BCAB-4529-B17A-E7B9FA9D483F}.Release|x64.ActiveCfg = Release|x64
		{FF204E0B-BCAB-4529-B17A-E7B9FA9D483F}.Release|x64.Build.0 = Release|x64
		{FF204E0B-BCAB-4529-B17A-E7B9FA9D483F}.Release|x86.ActiveCfg = Release|Win32
		{FF204E0B-BCAB-4529-B17A-E7B9FA9D483F}.Release|x86.Build.0 = Release|Win32
		{C96F99C0-0B51-4490-B995-5158E8D538CE}.Debug|ARM.ActiveCfg = Debug|Win32
		{C96F99C0-0B51-4490-B995-5158E8D538CE}.Debug|x64.ActiveCfg = Debug|x64
		{C96F99C0-0B51-4490-B995-5158E8D538CE}.Debug|x64.Build.0 = Debug|x64
		{C96F99C0-0B51-4490-B995-5158E8D538CE}.Debug|x86.ActiveCfg = Debug|Win32
		{C96F99C0-0B51-4490-B995-5158E8D538CE}.Debug|x86.Build.0 = Debug|Win32
		{C96F99C0-0B51-4490-B995-5158E8D538CE}.Release|ARM.ActiveCfg = Release|Win32
		{C96F99C0-0B51-4490-B995-5158E8D538CE}.Release|x64.ActiveCfg = Release|x64
		{C96F99C0-0B51-4490-B995-5158E8D538CE}.Release|x64.Build.0 = Release|x64
		{C96F99C0-0B51-4490-B995-5158E8D538CE}.Release|x86.ActiveCfg = Release|Win32
		{C96F99C0-0B51-4490-B995-5158E8D538CE}.Release|x86.Build.0 = Release|Win32
		{67C6BCE1-2232-4BC8-9D44-D3A8A6B1C2B5}.Debug|ARM.ActiveCfg = Debug|Win32
		{67C6BCE1-2232-4BC8-9D44-D3A8A6B1C2B5}.Debug|x64.ActiveCfg = Debug|x64
		{67C6BCE1-2232-4BC8-9D44-D3A8A6B1C2B5}.Debug|x64.Build.0 = Debug|x64
		{67C6BCE1-2232-4BC8-9D44-D3A8A6B1C2B5}.Debug|x86.ActiveCfg = Debug|Win32
		{67C6BCE1-2232-4BC8-9D44-D3A8A6B1C2B5}.Debug|x86.Build.0 = Debug|Win32
		{67C6BCE1-2232-4BC8-9D44-D3A8A6B1C2B5}.Release|ARM.ActiveCfg = Release|Win32
		{67C6BCE1-2232-4BC8-9D44-D3A8A6B1C2B5}.Release|x64.ActiveCfg = Release|x64
		{67C6BCE1-2232-4BC8-9D44-D3A8A6B1C2B5}.Release|x64.Build.0 = Release|x64
		{67C6BCE1-2232-4BC8-9D44-D3A8A6B1C2B5}.Release|x86.ActiveCfg = Release|Win32
		{67C6BCE1-2232-4BC8-9D44-D3A8A6B1C2B5}.Release|x86.Build.0 = Release|Win32
		{8FDE2B3A-6765-4107-AFCE-172D1DE3DD8E}.Debug|ARM.ActiveCfg = Debug|Win32
		{8FDE2B3A-6765-4107-AFCE-172D1DE3DD8E}.Debug|x64.ActiveCfg = Debug|x64
		{8FDE2B3A-6765-4107-AFCE-172D1DE3DD8E}.Debug|x64.Build.0 = Debug|x64
		{8FDE2B3A-6765-4107-AFCE-172D1DE3DD8E}.Debug|x86.ActiveCfg = Debug|Win32
		{8FDE2B3A-6765-4107-AFCE-172D1DE3DD8E}.Debug|x86.Build.0 = Debug|Win32
		{8FDE2B3A-6765-4107-AFCE-172D1DE3DD8E}.Release|ARM.ActiveCfg = Release|Win32
		{8FDE2B3A-6765-4107-AFCE-172D1DE3DD8E}.Release|x64.ActiveCfg = Release|x64
		{8FDE2B3A-6765-4107-AFCE-172D1DE3DD8E}.Release|x64.Build.0 = Release|x64
		{8FDE2B3A-6765-4107-AFCE-172D1DE3DD8E}.Release|x86.ActiveCfg = Release|Win32
		{8FDE2B3A-6765-4107-AFCE-172D1DE3DD8E}.Release|x86.Build.0 = Release|Win32
		{2DA66FAC-BFE2-4B4D-8AE2-325885D11A52}.Debug|ARM.ActiveCfg = Debug|Win32
		{2DA66FAC-BFE2-4B4D-8AE2-325885D11A52}.Debug|x64.ActiveCfg = Debug|x64
		{2DA66FAC-BFE2-4B4D-8AE2-325885D11A52}.Debug|x64.Build.0 = Debug|x64
		{2DA66FAC-BFE2-4B4D-8AE2-325885D11A52}.Debug|x86.ActiveCfg = Debug|Win32
		{2DA66FAC-BFE2-4B4D-8AE2-325885D11A52}.Debug|x86.Build.0 = Debug|Win32
		{2DA66FAC-BFE2-4B4D-8AE2-325885D11A52}.Release|ARM.ActiveCfg = Release|Win32
		{2DA66FAC-BFE2-4B4D-8AE2-325885D11A52}.Release|x64.ActiveCfg = Release|x64
		{2DA66FAC-BFE2-4B4D-8AE2-325885D11A52}.Release|x64.Build.0 = Release|x64
		{2DA66FAC-BFE2-4B4D-8AE2-325885D11A52}.Release|x86.ActiveCfg = Release|Win32
		{2DA66FAC-BFE2-4B4D-8AE2-325885D11A52}.Release|x86.Build.0 = Release|Win32
		{D8D1C833-2093-4A4F-9DEE-9005F0735271}.Debug|ARM.ActiveCfg = Debug|Win32
		{D8D1C833-2093-4A4F-9DEE-9005F0735271}.Debug|x64.ActiveCfg = Debug|x64
		{D8D1C833-2093-4A4F-9DEE-9005F0735271}.Debug|x64.Build.0 = Debug|x64
		{D8D1C833-2093-4A4F-9DEE-9005F0735271}.Debug|x86.ActiveCfg = Debug|Win32
		{D8D1C833-2093-4A4F-9DEE-9005F0735271}.Debug|x86.Build.0 = Debug|Win32
		{D8D1C833-2093-4A4F-9DEE-9005F0735271}.Release|ARM.ActiveCfg = Release|Win32
		{D8D1C833-2093-4A4F-9DEE-9005F0735271}.Release|x64.ActiveCfg = Release|x64
		{D8D1C833-2093-4A4F-9DEE-9005F0735271}.Release|x64.Build.0 = Release|x64
		{D8D1C833-2093-4A4F-9DEE-9005F0735271}.Release|x86.ActiveCfg = Release|Win32
		{D8D1C833-2093-4A4F-9DEE-9005F0735271}.Release|x86.Build.0 = Release|Win32
		{07EAA2F0-834C-4860-A0CF-E850C0AC23ED}.Debug|ARM.ActiveCfg = Debug|Win32
		{07EAA2F0-834C-4860-A0CF-E850C0AC23ED}.Debug|x64.ActiveCfg = Debug|x64
		{07EAA2F0-834C-4860-A0CF-E850C0AC23ED}.Debug|x64.Build.0 = Debug|x64
		{07EAA2F0-834C-4860-A0CF-E850C0AC23ED}.Debug|x86.ActiveCfg = Debug|Win32
		{07EAA2F0-834C-4860-A0CF-E850C0AC23ED}.Debug|x86.Build.0 = Debug|Win32
		{07EAA2F0-834C-4860-A0CF-E850C0AC23ED}.Release|ARM.ActiveCfg = Release|Win32
		{07EAA2F0-834C-4860-A0CF-E850C0AC23ED}.Release|x64.ActiveCfg = Release|x64
		{07EAA2F0-834C-4860-A0CF-E850C0AC23ED}.Release|x64.Build.0 = Release|x64
		{07EAA2F0-834C-4860-A0CF-E850C0AC23ED}.Release|x86.ActiveCfg = Release|Win32
		{07EAA2F0-834C-4860-A0CF-E850C0AC23ED}.Release|x86.Build.0 = Release|Win32
		{0887D84B-BE55-4581-9AA6-F77F1A9B4D7B}.Debug|ARM.ActiveCfg = Debug|Win32
		{0887D84B-BE55-4581-9AA6-F77F1A9B4D7B}.Debug|x64.ActiveCfg = Debug|x64
		{0887D84B-BE55-4581-9AA6-F77F1A9B4D7B}.Debug|x64.Build.0 = Debug|x64
		{0887D84B-BE55-4581-9AA6-F77F1A9B4D7B}.Debug|x86.ActiveCfg = Debug|Win32
		{0887D84B-BE55-4581-9AA6-F77F1A9B4D7B}.Debug|x86.Build.0 = Debug|Win32
		{0887D84B-BE55-4581-9AA6-F77F1A9B4D7B}.Release|ARM.ActiveCfg = Release|Win32
		{0887D84B-BE55-4581-9AA6-F77F1A9B4D7B}.Release|x64.ActiveCfg = Release|x64
		{0887D84B-BE55-4581-9AA6-F77F1A9B4D7B}.Release|x64.Build.0 = Release|x64
		{0887D84B-BE55-4581-9AA6-F77F1A9B4D7B}.Release|x86.ActiveCfg = Release|Win32
		{0887D84B-BE55-4581-9AA6-F77F1A9B4D7B}.Release|x86.Build.0 = Release|Win32
		{BA0FE6A2-7CD0-4C55-A530-F1617797EC5E}.Debug|ARM.ActiveCfg = Debug|Win32
		{BA0FE6A2-7CD0-4C55-A530-F1617797EC5E}.Debug|x64.ActiveCfg = Debug|x64
		{BA0FE6A2-7CD0-4C55-A530-F1617797EC5E}.Debug|x64.Build.0 = Debug|x64
		{BA0FE6A2-7CD0-4C55-A530-F1617797EC5E}.Debug|x86.ActiveCfg = Debug|Win32
		{BA0FE6A2-7CD0-4C55-A530-F1617797EC5E}.Debug|x86.Build.0 = Debug|Win32
		{BA0FE6A2-7CD0-4C55-A530-F1617797EC5E}.Release|ARM.ActiveCfg = Release|Win32
		{BA0FE6A2-7CD0-4C55-A530-F1617797EC5E}.Release|x64.ActiveCfg = Release|x64
		{BA0FE6A2-7CD0-4C55-A530-F1617797EC5E}.Release|x64.Build.0 = Release|x64
		{BA0FE6A2-7CD0-4C55-A530-F1617797EC5E}.Release|x86.ActiveCfg = Release|Win32
		{BA0FE6A2-7CD0-4C55-A530-F1617797EC5E}.Release|x86.Build.0 = Release|Win32
		{12AC755D-B1F8-479D-A9F5-14271C9AB2F9}.Debug|ARM.ActiveCfg = Debug|Win32
		{12AC755D-B1F8-479D-A9F5-14271C9AB2F9}.Debug|x64.ActiveCfg = Debug|x64
		{12AC755D-B1F8-479D-A9F5-14271C9AB2F9}.Debug|x64.Build.0 = Debug|x64
		{12AC755D-B1F8-479D-A9F5-14271C9AB2F9}.Debug|x86.ActiveCfg = Debug|Win32
		{12AC755D-B1F8-479D-A9F5-14271C9AB2F9}.Debug|x86.Build.0 = Debug|Win32
		{12AC755D-B1F8-479D-A9F5-14271C9AB2F9}.Release|ARM.ActiveCfg = Release|Win32
		{12AC755D-B1F8-479D-A9F5-14271C9AB2F9}.Release|x64.ActiveCfg = Release|x64
		{12AC755D-B1F8-479D-A9F5-14271C9AB2F9}.Release|x64.Build.0 = Release|x64
		{12AC755D-B1F8-479D-A9F5-14271C9AB2F9}.Release|x86.ActiveCfg = Release|Win32
		{12AC755D-B1F8-479D-A9F5-14271C9AB2F9}.Release|x86.Build.0 = Release|Win32
		{D90A614C-4DF6-401B-8EDE-91AE656CD89F}.Debug|ARM.ActiveCfg = Debug|Win32
		{D90A614C-4DF6-401B-8EDE-91AE656CD89F}.Debug|x64.ActiveCfg = Debug|x64
		{D90A614C-4DF6-401B-8EDE-91AE656CD89F}.Debug|x64.Build.0 = Debug|x64
		{D90A614C-4DF6-401B-8EDE-91AE656CD89F}.Debug|x86.ActiveCfg = Debug|Win32
		{D90A614C-4DF6-401B-8EDE-91AE656CD89F}.Debug|x86.Build.0 = Debug|Win32
		{D90A614C-4DF6-401B-8EDE-91AE656CD89F}.Release|ARM.ActiveCfg = Release|Win32
		{D90A614C-4DF6-401B-8EDE-91AE656CD89F}.Release|x64.ActiveCfg = Release|x64
		{D90A614C-4DF6-401B-8EDE-91AE656CD89F}.Release|x64.Build.0 = Release|x64
		{D90A614C-4DF6-401B-8EDE-91AE656CD89F}.Release|x86.ActiveCfg = Release|Win32
		{D90A614C-4DF6-401B-8EDE-91AE656CD89F}.Release|x86.Build.0 = Release|Win32
		{79E2E3E0-5051-4F88-8C44-F08BE1F07E2D}.Debug|ARM.ActiveCfg = Debug|Win32
		{79E2E3E0-5051-4F88-8C44-F08BE1F07E2D}.Debug|x64.ActiveCfg = Debug|x64
		{79E2E3E0-5051-4F88-8C44-F08BE1F07E2D}.Debug|x64.Build.0 = Debug|x64
		{79E2E3E0-5051-4F88-8C44-F08BE1F07E2D}.Debug|x86.ActiveCfg = Debug|Win32
		{79E2E3E0-5051-4F88-8C44-F08BE1F07E2D}.Debug|x86.Build.0 = Debug|Win32
		{79E2E3E0-5051-4F88-8C44-F08BE1F07E2D}.Release|ARM.ActiveCfg = Release|Win32
		{79E2E3E0-5051-4F88-8C44-F08BE1F07E2D}.Release|x64.ActiveCfg = Release|x64
		{79E2E3E0-5051-4F88-8C44-F08BE1F07E2D}.Release|x64.Build.0 = Release|x64
		{79E2E3E0-5051-4F88-8C44-F08BE1F07E2D}.Release|x86.ActiveCfg = Release|Win32
		{79E2E3E0-5051-4F88-8C44-F08BE1F07E2D}.Release|x86.Build.0 = Release|Win32
		{5EC01E87-C105-4DC9-B7EE-323534986A57}.Debug|ARM.ActiveCfg = Debug|Win32
		{5EC01E87-C105-4DC9-B7EE-323534986A57}.Debug|x64.ActiveCfg = Debug|x64
		{5EC01E87-C105-4DC9-B7EE-323534986A57}.Debug|x64.Build.0 = Debug|x64
		{5EC01E87-C105-4DC9-B7EE-323534986A57}.Debug|x86.ActiveCfg = Debug|Win32
		{5EC01E87-C105-4DC9-B7EE-323534986A57}.Debug|x86.Build.0 = Debug|Win32
		{5EC01E87-C105-4DC9-B7EE-323534986A57}.Release|ARM.ActiveCfg = Release|Win32
		{5EC01E87-C105-4DC9-B7EE-323534986A57}.Release|x64.ActiveCfg = Release|x64
		{5EC01E87-C105-4DC9-B7EE-323534986A57}.Release|x64.Build.0 = Release|x64
		{5EC01E87-C105-4DC9-B7EE-323534986A57}.Release|x86.ActiveCfg = Release|Win32
		{5EC01E87-C105-4DC9-B7EE-323534986A57}.Release|x86.Build.0 = Release|Win32
		{2D9183F6-6672-410E-90BE-5848E4D9F18D}.Debug|ARM.ActiveCfg = Debug|Win32
		{2D9183F6-6672-410E-90BE-5848E4D9F18D}.Debug|x64.ActiveCfg = Debug|x64
		{2D9183F6-6672-410E-90BE-5848E4D9F18D}.Debug|x64.Build.0 = Debug|x64
		{2D9183F6-6672-410E-90BE-5848E4D9F18D}.Debug|x86.ActiveCfg = Debug|Win32
		{2D9183F6-6672-410E-90BE-5848E4D9F18D}.Debug|x86.Build.0 = Debug|Win32
		{2D9183F6-6672-410E-90BE-5848E4D9F18D}.Release|ARM.ActiveCfg = Release|Win32
		{2D9183F6-6672-410E-90BE-5848E4D9F18D}.Release|x64.ActiveCfg = Release|x64
		{2D9183F6-6672-410E-90BE-5848E4D9F18D}.Release|x64.Build.0 = Release|x64
		{2D9183F6-6672-410E-90BE-5848E4D9F18D}.Release|x86.ActiveCfg = Release|Win32
		{2D9183F6-6672-410E-90BE-5848E4D9F18D}.Release|x86.Build.0 = Release|Win32
		{6A91EEC3-BBCC-4F60-B064-EA556B447358}.Debug|ARM.ActiveCfg = Debug|Win32
		{6A91EEC3-BBCC-4F60-B064-EA556B447358}.Debug|x64.ActiveCfg = Debug|x64
		{6A91EEC3-BBCC-4F60-B064-EA556B447358}.Debug|x64.Build.0 = Debug|x64
		{6A91EEC3-BBCC-4F60-B064-EA556B447358}.Debug|x86.ActiveCfg = Debug|Win32
		{6A91EEC3-BBCC-4F60-B064-EA556B447358}.Debug|x86.Build.0 = Debug|Win32
		{6A91EEC3-BBCC-4F60-B064-EA556B447358}.Release|ARM.ActiveCfg = Release|Win32
		{6A91EEC3-BBCC-4F60-B064-EA556B447358}.Release|x64.ActiveCfg = Release|x64
		{6A91EEC3-BBCC-4F60-B064-EA556B447358}.Release|x64.Build.0 = Release|x64
		{6A91EEC3-BBCC-4F60-B064-EA556B447358}.Release|x86.ActiveCfg = Release|Win32
		{6A91EEC3-BBCC-4F60-B064-EA556B447358}.Release|x86.Build.0 = Release|Win32
		{D2655C95-5503-4CF6-A999-A8A93AADD685}.Debug|ARM.ActiveCfg = Debug|Win32
		{D2655C95-5503-4CF6-A999-A8A93AADD685}.Debug|x64.ActiveCfg = Debug|x64
		{D2655C95-5503-4CF6-A999-A8A93AADD685}.Debug|x64.Build.0 = Debug|x64
		{D2655C95-5503-4CF6-A999-A8A93AADD685}.Debug|x86.ActiveCfg = Debug|Win32
		{D2655C95-5503-4CF6-A999-A8A93AADD685}.Debug|x86.Build.0 = Debug|Win32
		{D2655C95-5503-4CF6-A999-A8A93AADD685}.Release|ARM.ActiveCfg = Release|Win32
		{D2655C95-5503-4CF6-A999-A8A93AADD685}.Release|x64.ActiveCfg = Release|x64
		{D2655C95-5503-4CF6-A999-A8A93AADD685}.Release|x64.Build.0 = Release|x64
		{D2655C95-5503-4CF6-A999-A8A93AADD685}.Release|x86.ActiveCfg = Release|Win32
		{D2655C95-5503-4CF6-A999-A8A93AADD685}.Release|x86.Build.0 = Release|Win32
		{9AB3A356-BFE8-47EA-98FC-662BB806ABFD}.Debug|ARM.ActiveCfg = Debug|Win32
		{9AB3A356-BFE8-47EA-98FC-662BB806ABFD}.Debug|x64.ActiveCfg = Debug|x64
		{9AB3A356-BFE8-47EA-98FC-662BB806ABFD}.Debug|x64.Build.0 = Debug|x64
		{9AB3A356-BFE8-47EA-98FC-662BB806ABFD}.Debug|x86.ActiveCfg = Debug|Win32
		{9AB3A356-BFE8-47EA-98FC-662BB806ABFD}.Debug|x86.Build.0 = Debug|Win32
		{9AB3A356-BFE8-47EA-98FC-662BB806ABFD}.Release|ARM.ActiveCfg = Release|Win32
		{9AB3A356-BFE8-47EA-98FC-662BB806ABFD}.Release|x64.ActiveCfg = Release|x64
		{9AB3A356-BFE8-47EA-98FC-662BB806ABFD}.Release|x64.Build.0 = Release|x64
		{9AB3A356-BFE8-47EA-98FC-662BB806ABFD}.Release|x86.ActiveCfg = Release|Win32
		{9AB3A356-BFE8-47EA-98FC-662BB806ABFD}.Release|x86.Build.0 = Release|Win32
		{937DCDAA-3C1F-4BFF-A662-CB49E3F1D8B9}.Debug|ARM.ActiveCfg = Debug|Win32
		{937DCDAA-3C1F-4BFF-A662-CB49E3F1D8B9}.Debug|x64.ActiveCfg = Debug|x64
		{937DCDAA-3C1F-4BFF-A662-CB49E3F1D8B9}.Debug|x64.Build.0 = Debug|x64
		{937DCDAA-3C1F-4BFF-A662-CB49E3F1D8B9}.Debug|x86.ActiveCfg = Debug|Win32
		{937DCDAA-3C1F-4BFF-A662-CB49E3F1D8B9}.Debug|x86.Build.0 = Debug|Win32
		{937DCDAA-3C1F-4BFF-A662-CB49E3F1D8B9}.Release|ARM.ActiveCfg = Release|Win32
		{937DCDAA-3C1F-4BFF-A662-CB49E3F1D8B9}.Release|x64.ActiveCfg = Release|x64
		{937DCDAA-3C1F-4BFF-A662-CB49E3F1D8B9}.Release|x64.Build.0 = Release|x64
		{937DCDAA-3C1F-4BFF-A662-CB49E3F1D8B9}.Release|x86.ActiveCfg = Release|Win32
		{937DCDAA-3C1F-4BFF-A662-CB49E3F1D8B9}.Release|x86.Build.0 = Release|Win32
		{7C800EE9-7A01-4289-A77F-C148C387F265}.Debug|ARM.ActiveCfg = Debug|Win32
		{7C800EE9-7A01-4289-A77F-C148C387F265}.Debug|x64.ActiveCfg = Debug|x64
		{7C800EE9-7A01-4289-A77F-C148C387F265}.Debug|x64.Build.0 = Debug|x64
		{7C800EE9-7A01-4289-A77F-C148C387F265}.Debug|x86.ActiveCfg = Debug|Win32
		{7C800EE9-7A01-4289-A77F-C148C387F265}.Debug|x86.Build.0 = Debug|Win32
		{7C800EE9-7A01-4289-A77F-C148C387F265}.Release|ARM.ActiveCfg = Release|Win32
		{7C800EE9-7A01-4289-A77F-C148C387F265}.Release|x64.ActiveCfg = Release|x64
		{7C800EE9-7A01-4289-A77F-C148C387F265}.Release|x64.Build.0 = Release|x64
		{7C800EE9-7A01-4289-A77F-C148C387F265}.Release|x86.ActiveCfg = Release|Win32
		{7C800EE9-7A01-4289-A77F-C148C387F265}.Release|x86.Build.0 = Release|Win32
		{B946AD37-C28C-42ED-8912-51CA9451FA5A}.Debug|ARM.ActiveCfg = Debug|ARM
		{B946AD37-C28C-42ED-8912-51CA9451FA5A}.Debug|ARM.Build.0 = Debug|ARM
		{B946AD37-C28C-42ED-8912-51CA9451FA5A}.Debug|ARM.Deploy.0 = Debug|ARM
		{B946AD37-C28C-42ED-8912-51CA9451FA5A}.Debug|x64.ActiveCfg = Debug|x64
		{B946AD37-C28C-42ED-8912-51CA9451FA5A}.Debug|x64.Build.0 = Debug|x64
		{B946AD37-C28C-42ED-8912-51CA9451FA5A}.Debug|x64.Deploy.0 = Debug|x64
		{B946AD37-C28C-42ED-8912-51CA9451FA5A}.Debug|x86.ActiveCfg = Debug|x86
		{B946AD37-C28C-42ED-8912-51CA9451FA5A}.Debug|x86.Build.0 = Debug|x86
		{B946AD37-C28C-42ED-8912-51CA9451FA5A}.Debug|x86.Deploy.0 = Debug|x86
		{B946AD37-C28C-42ED-8912-51CA9451FA5A}.Release|ARM.ActiveCfg = Release|ARM
		{B946AD37-C28C-42ED-8912-51CA9451FA5A}.Release|ARM.Build.0 = Release|ARM
		{B946AD37-C28C-42ED-8912-51CA9451FA5A}.Release|ARM.Deploy.0 = Release|ARM
		{B946AD37-C28C-42ED-8912-51CA9451FA5A}.Release|x64.ActiveCfg = Release|x64
		{B946AD37-C28C-42ED-8912-51CA9451FA5A}.Release|x64.Build.0 = Release|x64
		{B946AD37-C28C-42ED-8912-51CA9451FA5A}.Release|x64.Deploy.0 = Release|x64
		{B946AD37-C28C-42ED-8912-51CA9451FA5A}.Release|x86.ActiveCfg = Release|x86
		{B946AD37-C28C-42ED-8912-51CA9451FA5A}.Release|x86.Build.0 = Release|x86
		{B946AD37-C28C-42ED-8912-51CA9451FA5A}.Release|x86.Deploy.0 = Release|x86
		{67531CAC-FC72-4570-9484-1C7C41C02AE6}.Debug|ARM.ActiveCfg = Debug|Win32
		{67531CAC-FC72-4570-9484-1C7C41C02AE6}.Debug|x64.ActiveCfg = Debug|x64
		{67531CAC-FC72-4570-9484-1C7C41C02AE6}.Debug|x64.Build.0 = Debug|x64
		{67531CAC-FC72-4570-9484-1C7C41C02AE6}.Debug|x86.ActiveCfg = Debug|Win32
		{67531CAC-FC72-4570-9484-1C7C41C02AE6}.Debug|x86.Build.0 = Debug|Win32
		{67531CAC-FC72-4570-9484-1C7C41C02AE6}.Release|ARM.ActiveCfg = Release|Win32
		{67531CAC-FC72-4570-9484-1C7C41C02AE6}.Release|x64.ActiveCfg = Release|x64
		{67531CAC-FC72-4570-9484-1C7C41C02AE6}.Release|x64.Build.0 = Release|x64
		{67531CAC-FC72-4570-9484-1C7C41C02AE6}.Release|x86.ActiveCfg = Release|Win32
		{67531CAC-FC72-4570-9484-1C7C41C02AE6}.Release|x86.Build.0 = Release|Win32
		{45748747-1707-463A-9FF3-452B43CB5785}.Debug|ARM.ActiveCfg = Debug|ARM
		{45748747-1707-463A-9FF3-452B43CB5785}.Debug|ARM.Build.0 = Debug|ARM
		{45748747-1707-463A-9FF3-452B43CB5785}.Debug|ARM.Deploy.0 = Debug|ARM
		{45748747-1707-463A-9FF3-452B43CB5785}.Debug|x64.ActiveCfg = Debug|x64
		{45748747-1707-463A-9FF3-452B43CB5785}.Debug|x64.Build.0 = Debug|x64
		{45748747-1707-463A-9FF3-452B43CB5785}.Debug|x64.Deploy.0 = Debug|x64
		{45748747-1707-463A-9FF3-452B43CB5785}.Debug|x86.ActiveCfg = Debug|Win32
		{45748747-1707-463A-9FF3-452B43CB5785}.Debug|x86.Build.0 = Debug|Win32
		{45748747-1707-463A-9FF3-452B43CB5785}.Debug|x86.Deploy.0 = Debug|Win32
		{45748747-1707-463A-9FF3-452B43CB5785}.Release|ARM.ActiveCfg = Release|ARM
		{45748747-1707-463A-9FF3-452B43CB5785}.Release|ARM.Build.0 = Release|ARM
		{45748747-1707-463A-9FF3-452B43CB5785}.Release|ARM.Deploy.0 = Release|ARM
		{45748747-1707-463A-9FF3-452B43CB5785}.Release|x64.ActiveCfg = Release|x64
		{45748747-1707-463A-9FF3-452B43CB5785}.Release|x64.Build.0 = Release|x64
		{45748747-1707-463A-9FF3-452B43CB5785}.Release|x64.Deploy.0 = Release|x64
		{45748747-1707-463A-9FF3-452B43CB5785}.Release|x86.ActiveCfg = Release|Win32
		{45748747-1707-463A-9FF3-452B43CB5785}.Release|x86.Build.0 = Release|Win32
		{45748747-1707-463A-9FF3-452B43CB5785}.Release|x86.Deploy.0 = Release|Win32
		{0412B3A1-31C6-4AFC-AC71-825880E65B16}.Debug|ARM.ActiveCfg = Debug|ARM
		{0412B3A1-31C6-4AFC-AC71-825880E65B16}.Debug|ARM.Build.0 = Debug|ARM
		{0412B3A1-31C6-4AFC-AC71-825880E65B16}.Debug|ARM.Deploy.0 = Debug|ARM
		{0412B3A1-31C6-4AFC-AC71-825880E65B16}.Debug|x64.ActiveCfg = Debug|x64
		{0412B3A1-31C6-4AFC-AC71-825880E65B16}.Debug|x64.Build.0 = Debug|x64
		{0412B3A1-31C6-4AFC-AC71-825880E65B16}.Debug|x64.Deploy.0 = Debug|x64
		{0412B3A1-31C6-4AFC-AC71-825880E65B16}.Debug|x86.ActiveCfg = Debug|Win32
		{0412B3A1-31C6-4AFC-AC71-825880E65B16}.Debug|x86.Build.0 = Debug|Win32
		{0412B3A1-31C6-4AFC-AC71-825880E65B16}.Debug|x86.Deploy.0 = Debug|Win32
		{0412B3A1-31C6-4AFC-AC71-825880E65B16}.Release|ARM.ActiveCfg = Release|ARM
		{0412B3A1-31C6-4AFC-AC71-825880E65B16}.Release|ARM.Build.0 = Release|ARM
		{0412B3A1-31C6-4AFC-AC71-825880E65B16}.Release|ARM.Deploy.0 = Release|ARM
		{0412B3A1-31C6-4AFC-AC71-825880E65B16}.Release|x64.ActiveCfg = Release|x64
		{0412B3A1-31C6-4AFC-AC71-825880E65B16}.Release|x64.Build.0 = Release|x64
		{0412B3A1-31C6-4AFC-AC71-825880E65B16}.Release|x64.Deploy.0 = Release|x64
		{0412B3A1-31C6-4AFC-AC71-825880E65B16}.Release|x86.ActiveCfg = Release|Win32
		{0412B3A1-31C6-4AFC-AC71-825880E65B16}.Release|x86.Build.0 = Release|Win32
		{0412B3A1-31C6-4AFC-AC71-825880E65B16}.Release|x86.Deploy.0 = Release|Win32
		{E6F63B5D-AC4C-4F38-9078-512069A9AF9C}.Debug|ARM.ActiveCfg = Debug|ARM
		{E6F63B5D-AC4C-4F38-9078-512069A9AF9C}.Debug|ARM.Build.0 = Debug|ARM
		{E6F63B5D-AC4C-4F38-9078-512069A9AF9C}.Debug|ARM.Deploy.0 = Debug|ARM
		{E6F63B5D-AC4C-4F38-9078-512069A9AF9C}.Debug|x64.ActiveCfg = Debug|x64
		{E6F63B5D-AC4C-4F38-9078-512069A9AF9C}.Debug|x64.Build.0 = Debug|x64
		{E6F63B5D-AC4C-4F38-9078-512069A9AF9C}.Debug|x64.Deploy.0 = Debug|x64
		{E6F63B5D-AC4C-4F38-9078-512069A9AF9C}.Debug|x86.ActiveCfg = Debug|Win32
		{E6F63B5D-AC4C-4F38-9078-512069A9AF9C}.Debug|x86.Build.0 = Debug|Win32
		{E6F63B5D-AC4C-4F38-9078-512069A9AF9C}.Debug|x86.Deploy.0 = Debug|Win32
		{E6F63B5D-AC4C-4F38-9078-512069A9AF9C}.Release|ARM.ActiveCfg = Release|ARM
		{E6F63B5D-AC4C-4F38-9078-512069A9AF9C}.Release|ARM.Build.0 = Release|ARM
		{E6F63B5D-AC4C-4F38-9078-512069A9AF9C}.Release|ARM.Deploy.0 = Release|ARM
		{E6F63B5D-AC4C-4F38-9078-512069A9AF9C}.Release|x64.ActiveCfg = Release|x64
		{E6F63B5D-AC4C-4F38-9078-512069A9AF9C}.Release|x64.Build.0 = Release|x64
		{E6F63B5D-AC4C-4F38-9078-512069A9AF9C}.Release|x64.Deploy.0 = Release|x64
		{E6F63B5D-AC4C-4F38-9078-512069A9AF9C}.Release|x86.ActiveCfg = Release|Win32
		{E6F63B5D-AC4C-4F38-9078-512069A9AF9C}.Release|x86.Build.0 = Release|Win32
		{E6F63B5D-AC4C-4F38-9078-512069A9AF9C}.Release|x86.Deploy.0 = Release|Win32
		{2E1756FB-32C1-43E2-8B5F-FA0CA5BEBB35}.Debug|ARM.ActiveCfg = Debug|ARM
		{2E1756FB-32C1-43E2-8B5F-FA0CA5BEBB35}.Debug|ARM.Build.0 = Debug|ARM
		{2E1756FB-32C1-43E2-8B5F-FA0CA5BEBB35}.Debug|ARM.Deploy.0 = Debug|ARM
		{2E1756FB-32C1-43E2-8B5F-FA0CA5BEBB35}.Debug|x64.ActiveCfg = Debug|x64
		{2E1756FB-32C1-43E2-8B5F-FA0CA5BEBB35}.Debug|x64.Build.0 = Debug|x64
		{2E1756FB-32C1-43E2-8B5F-FA0CA5BEBB35}.Debug|x64.Deploy.0 = Debug|x64
		{2E1756FB-32C1-43E2-8B5F-FA0CA5BEBB35}.Debug|x86.ActiveCfg = Debug|Win32
		{2E1756FB-32C1-43E2-8B5F-FA0CA5BEBB35}.Debug|x86.Build.0 = Debug|Win32
		{2E1756FB-32C1-43E2-8B5F-FA0CA5BEBB35}.Debug|x86.Deploy.0 = Debug|Win32
		{2E1756FB-32C1-43E2-8B5F-FA0CA5BEBB35}.Release|ARM.ActiveCfg = Release|ARM
		{2E1756FB-32C1-43E2-8B5F-FA0CA5BEBB35}.Release|ARM.Build.0 = Release|ARM
		{2E1756FB-32C1-43E2-8B5F-FA0CA5BEBB35}.Release|ARM.Deploy.0 = Release|ARM
		{2E1756FB-32C1-43E2-8B5F-FA0CA5BEBB35}.Release|x64.ActiveCfg = Release|x64
		{2E1756FB-32C1-43E2-8B5F-FA0CA5BEBB35}.Release|x64.Build.0 = Release|x64
		{2E1756FB-32C1-43E2-8B5F-FA0CA5BEBB35}.Release|x64.Deploy.0 = Release|x64
		{2E1756FB-32C1-43E2-8B5F-FA0CA5BEBB35}.Release|x86.ActiveCfg = Release|Win32
		{2E1756FB-32C1-43E2-8B5F-FA0CA5BEBB35}.Release|x86.Build.0 = Release|Win32
		{2E1756FB-32C1-43E2-8B5F-FA0CA5BEBB35}.Release|x86.Deploy.0 = Release|Win32
		{5AF8F248-AF48-4D2C-A925-48B730A08F29}.Debug|ARM.ActiveCfg = Debug|ARM
		{5AF8F248-AF48-4D2C-A925-48B730A08F29}.Debug|ARM.Build.0 = Debug|ARM
		{5AF8F248-AF48-4D2C-A925-48B730A08F29}.Debug|ARM.Deploy.0 = Debug|ARM
		{5AF8F248-AF48-4D2C-A925-48B730A08F29}.Debug|x64.ActiveCfg = Debug|x64
		{5AF8F248-AF48-4D2C-A925-48B730A08F29}.Debug|x64.Build.0 = Debug|x64
		{5AF8F248-AF48-4D2C-A925-48B730A08F29}.Debug|x64.Deploy.0 = Debug|x64
		{5AF8F248-AF48-4D2C-A925-48B730A08F29}.Debug|x86.ActiveCfg = Debug|Win32
		{5AF8F248-AF48-4D2C-A925-48B730A08F29}.Debug|x86.Build.0 = Debug|Win32
		{5AF8F248-AF48-4D2C-A925-48B730A08F29}.Debug|x86.Deploy.0 = Debug|Win32
		{5AF8F248-AF48-4D2C-A925-48B730A08F29}.Release|ARM.ActiveCfg = Release|ARM
		{5AF8F248-AF48-4D2C-A925-48B730A08F29}.Release|ARM.Build.0 = Release|ARM
		{5AF8F248-AF48-4D2C-A925-48B730A08F29}.Release|ARM.Deploy.0 = Release|ARM
		{5AF8F248-AF48-4D2C-A925-48B730A08F29}.Release|x64.ActiveCfg = Release|x64
		{5AF8F248-AF48-4D2C-A925-48B730A08F29}.Release|x64.Build.0 = Release|x64
		{5AF8F248-AF48-4D2C-A925-48B730A08F29}.Release|x64.Deploy.0 = Release|x64
		{5AF8F248-AF48-4D2C-A925-48B730A08F29}.Release|x86.ActiveCfg = Release|Win32
		{5AF8F248-AF48-4D2C-A925-48B730A08F29}.Release|x86.Build.0 = Release|Win32
		{5AF8F248-AF48-4D2C-A925-48B730A08F29}.Release|x86.Deploy.0 = Release|Win32
		{3A913C01-5BE9-4577-ADAF-6F4CBFD3EE69}.Debug|ARM.ActiveCfg = Debug|Win32
		{3A913C01-5BE9-4577-ADAF-6F4CBFD3EE69}.Debug|x64.ActiveCfg = Debug|x64
		{3A913C01-5BE9-4577-ADAF-6F4CBFD3EE69}.Debug|x64.Build.0 = Debug|x64
		{3A913C01-5BE9-4577-ADAF-6F4CBFD3EE69}.Debug|x86.ActiveCfg = Debug|Win32
		{3A913C01-5BE9-4577-ADAF-6F4CBFD3EE69}.Debug|x86.Build.0 = Debug|Win32
		{3A913C01-5BE9-4577-ADAF-6F4CBFD3EE69}.Release|ARM.ActiveCfg = Release|Win32
		{3A913C01-5BE9-4577-ADAF-6F4CBFD3EE69}.Release|x64.ActiveCfg = Release|x64
		{3A913C01-5BE9-4577-ADAF-6F4CBFD3EE69}.Release|x64.Build.0 = Release|x64
		{3A913C01-5BE9-4577-ADAF-6F4CBFD3EE69}.Release|x86.ActiveCfg = Release|Win32
		{3A913C01-5BE9-4577-ADAF-6F4CBFD3EE69}.Release|x86.Build.0 = Release|Win32
		{BA21AE63-2E14-4DB0-A910-D3ED5C998668}.Debug|ARM.ActiveCfg = Debug|Win32
		{BA21AE63-2E14-4DB0-A910-D3ED5C998668}.Debug|x64.ActiveCfg = Debug|x64
		{BA21AE63-2E14-4DB0-A910-D3ED5C998668}.Debug|x64.Build.0 = Debug|x64
		{BA21AE63-2E14-4DB0-A910-D3ED5C998668}.Debug|x86.ActiveCfg = Debug|Win32
		{BA21AE63-2E14-4DB0-A910-D3ED5C998668}.Debug|x86.Build.0 = Debug|Win32
		{BA21AE63-2E14-4DB0-A910-D3ED5C998668}.Release|ARM.ActiveCfg = Release|Win32
		{BA21AE63-2E14-4DB0-A910-D3ED5C998668}.Release|x64.ActiveCfg = Release|x64
		{BA21AE63-2E14-4DB0-A910-D3ED5C998668}.Release|x64.Build.0 = Release|x64
		{BA21AE63-2E14-4DB0-A910-D3ED5C998668}.Release|x86.ActiveCfg = Release|Win32
		{BA21AE63-2E14-4DB0-A910-D3ED5C998668}.Release|x86.Build.0 = Release|Win32
		{8168D284-AC0A-4039-A04E-BE797B16454E}.Debug|ARM.ActiveCfg = Debug|Win32
		{8168D284-AC0A-4039-A04E-BE797B16454E}.Debug|x64.ActiveCfg = Debug|x64
		{8168D284-AC0A-4039-A04E-BE797B16454E}.Debug|x64.Build.0 = Debug|x64
		{8168D284-AC0A-4039-A04E-BE797B16454E}.Debug|x86.ActiveCfg = Debug|Win32
		{8168D284-AC0A-4039-A04E-BE797B16454E}.Debug|x86.Build.0 = Debug|Win32
		{8168D284-AC0A-4039-A04E-BE797B16454E}.Release|ARM.ActiveCfg = Release|Win32
		{8168D284-AC0A-4039-A04E-BE797B16454E}.Release|x64.ActiveCfg = Release|x64
		{8168D284-AC0A-4039-A04E-BE797B16454E}.Release|x64.Build.0 = Release|x64
		{8168D284-AC0A-4039-A04E-BE797B16454E}.Release|x86.ActiveCfg = Release|Win32
		{8168D284-AC0A-4039-A04E-BE797B16454E}.Release|x86.Build.0 = Release|Win32
		{80E5359F-76D2-44CB-8105-5A181B0C300F}.Debug|ARM.ActiveCfg = Debug|Win32
		{80E5359F-76D2-44CB-8105-5A181B0C300F}.Debug|x64.ActiveCfg = Debug|x64
		{80E5359F-76D2-44CB-8105-5A181B0C300F}.Debug|x64.Build.0 = Debug|x64
		{80E5359F-76D2-44CB-8105-5A181B0C300F}.Debug|x86.ActiveCfg = Debug|Win32
		{80E5359F-76D2-44CB-8105-5A181B0C300F}.Debug|x86.Build.0 = Debug|Win32
		{80E5359F-76D2-44CB-8105-5A181B0C300F}.Release|ARM.ActiveCfg = Release|Win32
		{80E5359F-76D2-44CB-8105-5A181B0C300F}.Release|x64.ActiveCfg = Release|x64
		{80E5359F-76D2-44CB-8105-5A181B0C300F}.Release|x64.Build.0 = Release|x64
		{80E5359F-76D2-44CB-8105-5A181B0C300F}.Release|x86.ActiveCfg = Release|Win32
		{80E5359F-76D2-44CB-8105-5A181B0C300F}.Release|x86.Build.0 = Release|Win32
	EndGlobalSection
	GlobalSection(SolutionProperties) = preSolution
		HideSolutionNode = FALSE
	EndGlobalSection
	GlobalSection(NestedProjects) = preSolution
		{4E1A7E32-4A5A-4606-B646-4C7D6EE08600} = {31BE8E9F-1769-4545-800B-47D0B1B478A2}
		{31BE8E9F-1769-4545-800B-47D0B1B478A2} = {6C3CE9D4-16C8-425E-9D1A-209F9AB1D564}
		{7B5F4115-417D-4D2A-AE85-5627827698E9} = {6C3CE9D4-16C8-425E-9D1A-209F9AB1D564}
		{1E8B9FDA-A549-4E3D-9E94-92D7072C1A56} = {7B5F4115-417D-4D2A-AE85-5627827698E9}
		{049B0922-F0A4-42F0-B544-C422058A2092} = {6C3CE9D4-16C8-425E-9D1A-209F9AB1D564}
		{FA81DCED-B3C0-43D5-927E-D32198A9B1FF} = {049B0922-F0A4-42F0-B544-C422058A2092}
		{BA08E0D8-C3B0-4C88-BA2D-6FAD154B8466} = {6C3CE9D4-16C8-425E-9D1A-209F9AB1D564}
		{8E246451-25B3-4F09-9971-92893FED1323} = {BA08E0D8-C3B0-4C88-BA2D-6FAD154B8466}
		{0427A6E3-8FAC-4A01-9CF5-1E4B7A1B8970} = {FC1B5A75-59C0-43C5-A017-2E905951056F}
		{925E1822-9CAE-41E3-BA81-8CF81CD5FE5A} = {8024B91B-BDBD-4299-8B99-17EB62F3B918}
		{4B0EE37E-E04C-4820-B75B-28D26F52A822} = {0241128C-5C57-42E5-BF0C-4250E1EDA146}
		{59A13119-F386-4A44-9385-A373BB929D70} = {0241128C-5C57-42E5-BF0C-4250E1EDA146}
		{C8C63A1E-D47A-4F3B-896B-0276E7240C64} = {0241128C-5C57-42E5-BF0C-4250E1EDA146}
		{5DFE6B2C-3C2C-4CBF-93E5-AE1BAE24DC86} = {0241128C-5C57-42E5-BF0C-4250E1EDA146}
		{2F9AD067-A730-437E-B0F5-93BCF70C79BE} = {0241128C-5C57-42E5-BF0C-4250E1EDA146}
		{3EFC7184-F5BC-43D5-9B5D-1D5563351CA4} = {0B60A7B4-E821-4660-9269-3E39FAA6CD73}
		{09A69E0C-6A30-46A2-9990-7B27D01F1C96} = {CAA0D0F2-CB02-4D3F-813B-5DE0A54A9D67}
		{A0EE10D7-9A91-4BEB-9638-20546B3A7EAC} = {CAA0D0F2-CB02-4D3F-813B-5DE0A54A9D67}
		{C617F5FE-5A46-4257-B7FB-8D20AF39E459} = {DD2EA6C1-B919-464F-AC1F-675E71CAAA46}
		{DD2EA6C1-B919-464F-AC1F-675E71CAAA46} = {F380921A-0C25-4F27-883F-B5336CDB7C87}
		{D476C4A5-53C0-459C-84A4-59DDCFBE1C5E} = {DD2EA6C1-B919-464F-AC1F-675E71CAAA46}
		{CAA0D0F2-CB02-4D3F-813B-5DE0A54A9D67} = {4C0D716C-F187-44AC-9384-43BC8674A02D}
		{09E575CA-2B1F-480B-B1E8-F0C1CD5CA55E} = {4C0D716C-F187-44AC-9384-43BC8674A02D}
		{C83DC41E-EA52-43A5-820B-0367E46CBB46} = {09E575CA-2B1F-480B-B1E8-F0C1CD5CA55E}
		{F4E31E4D-5A87-4FD0-9B4B-4A5D968CE931} = {F380921A-0C25-4F27-883F-B5336CDB7C87}
		{5E7301F0-8B34-48B0-8123-2B180D11C0FB} = {F4E31E4D-5A87-4FD0-9B4B-4A5D968CE931}
		{3D008B28-1BAA-4EC9-BE71-BB3AFCDD7B6C} = {F4E31E4D-5A87-4FD0-9B4B-4A5D968CE931}
		{360D72B7-BE0B-4EBD-982D-212062F54E51} = {A4968DB3-75D9-40C0-9222-62CCB8BDD167}
		{E0CFD79D-1D47-4B66-B986-91BF522C4352} = {81E23EC5-54A3-440B-859C-6B49113F0043}
		{79AD409C-6C5D-48FD-80E8-4089E4B2C025} = {E0CFD79D-1D47-4B66-B986-91BF522C4352}
		{4A7C3E76-CE3A-4445-AAE4-32DCF6DAA23B} = {79AD409C-6C5D-48FD-80E8-4089E4B2C025}
		{5D8AF3B3-37C2-4517-A700-5C29181350D8} = {79AD409C-6C5D-48FD-80E8-4089E4B2C025}
		{995BCF15-64AE-462B-BCC8-47502843BBB8} = {4C0D716C-F187-44AC-9384-43BC8674A02D}
		{301D7B67-7088-41BD-8D07-E2CDB96865E6} = {995BCF15-64AE-462B-BCC8-47502843BBB8}
		{64DA55EF-AAC5-497D-B3FF-537223B02056} = {995BCF15-64AE-462B-BCC8-47502843BBB8}
		{6C8144BB-1F77-4BD0-8016-D2728C3F5EB8} = {995BCF15-64AE-462B-BCC8-47502843BBB8}
		{33629C03-55AC-4CB7-8E07-C8F337940277} = {79AD409C-6C5D-48FD-80E8-4089E4B2C025}
		{24B6EAB3-7284-4E90-B9EE-DC4E1D7AECA8} = {79AD409C-6C5D-48FD-80E8-4089E4B2C025}
		{CBE411B1-1378-454A-B7A3-02A97ABE2A37} = {79AD409C-6C5D-48FD-80E8-4089E4B2C025}
		{58E6388F-7CA2-4008-B6AA-926DB2CF3761} = {79AD409C-6C5D-48FD-80E8-4089E4B2C025}
		{FF204E0B-BCAB-4529-B17A-E7B9FA9D483F} = {A4C106BC-2FC1-4880-91BE-9772CBE45EA4}
		{C96F99C0-0B51-4490-B995-5158E8D538CE} = {A4C106BC-2FC1-4880-91BE-9772CBE45EA4}
		{A4C106BC-2FC1-4880-91BE-9772CBE45EA4} = {93B5C646-5C74-4729-9C9F-3BD9E6BDEBB6}
		{67C6BCE1-2232-4BC8-9D44-D3A8A6B1C2B5} = {A4C106BC-2FC1-4880-91BE-9772CBE45EA4}
		{060817BE-D016-4A34-B5CD-6BF9471F5D68} = {93B5C646-5C74-4729-9C9F-3BD9E6BDEBB6}
		{8FDE2B3A-6765-4107-AFCE-172D1DE3DD8E} = {060817BE-D016-4A34-B5CD-6BF9471F5D68}
		{2DA66FAC-BFE2-4B4D-8AE2-325885D11A52} = {79AD409C-6C5D-48FD-80E8-4089E4B2C025}
		{D8D1C833-2093-4A4F-9DEE-9005F0735271} = {06FA1D80-53B5-4A36-B3AC-65CD616F83BB}
		{06FA1D80-53B5-4A36-B3AC-65CD616F83BB} = {09E575CA-2B1F-480B-B1E8-F0C1CD5CA55E}
		{A4968DB3-75D9-40C0-9222-62CCB8BDD167} = {09E575CA-2B1F-480B-B1E8-F0C1CD5CA55E}
		{07EAA2F0-834C-4860-A0CF-E850C0AC23ED} = {06FA1D80-53B5-4A36-B3AC-65CD616F83BB}
		{78C7C7B2-B599-457E-BE02-AE0DF1BEF7F5} = {81E23EC5-54A3-440B-859C-6B49113F0043}
		{0887D84B-BE55-4581-9AA6-F77F1A9B4D7B} = {760F65AD-5A6A-4E1B-AABC-ADEB8E600829}
		{89989D94-AA4C-4C69-B937-FE12024F7415} = {78C7C7B2-B599-457E-BE02-AE0DF1BEF7F5}
		{BA0FE6A2-7CD0-4C55-A530-F1617797EC5E} = {760F65AD-5A6A-4E1B-AABC-ADEB8E600829}
		{760F65AD-5A6A-4E1B-AABC-ADEB8E600829} = {89989D94-AA4C-4C69-B937-FE12024F7415}
		{12AC755D-B1F8-479D-A9F5-14271C9AB2F9} = {760F65AD-5A6A-4E1B-AABC-ADEB8E600829}
		{D90A614C-4DF6-401B-8EDE-91AE656CD89F} = {8342AC80-3DE7-44FC-B19B-88C0327D37F2}
		{79E2E3E0-5051-4F88-8C44-F08BE1F07E2D} = {8342AC80-3DE7-44FC-B19B-88C0327D37F2}
		{5EC01E87-C105-4DC9-B7EE-323534986A57} = {8342AC80-3DE7-44FC-B19B-88C0327D37F2}
		{2D9183F6-6672-410E-90BE-5848E4D9F18D} = {C1696AE5-BB49-4579-A2D3-FA1958EBEC27}
		{6A91EEC3-BBCC-4F60-B064-EA556B447358} = {8342AC80-3DE7-44FC-B19B-88C0327D37F2}
		{F6A4395E-0E04-4540-BB4B-D5D24DA31116} = {8342AC80-3DE7-44FC-B19B-88C0327D37F2}
		{22E41D7C-C9BD-48EC-AA66-8241B565630F} = {4C0D716C-F187-44AC-9384-43BC8674A02D}
		{D2655C95-5503-4CF6-A999-A8A93AADD685} = {22E41D7C-C9BD-48EC-AA66-8241B565630F}
		{9AB3A356-BFE8-47EA-98FC-662BB806ABFD} = {22E41D7C-C9BD-48EC-AA66-8241B565630F}
		{937DCDAA-3C1F-4BFF-A662-CB49E3F1D8B9} = {22E41D7C-C9BD-48EC-AA66-8241B565630F}
		{7C800EE9-7A01-4289-A77F-C148C387F265} = {CBFB0A7D-7259-4F51-A927-047452A2BF50}
		{3EE8B0F4-6962-432F-B1FD-B3A170C15619} = {41F2B036-C2D9-4B8F-AB04-B2784168EC30}
		{C1696AE5-BB49-4579-A2D3-FA1958EBEC27} = {93B5C646-5C74-4729-9C9F-3BD9E6BDEBB6}
		{0B60A7B4-E821-4660-9269-3E39FAA6CD73} = {93B5C646-5C74-4729-9C9F-3BD9E6BDEBB6}
		{B946AD37-C28C-42ED-8912-51CA9451FA5A} = {C1696AE5-BB49-4579-A2D3-FA1958EBEC27}
		{67531CAC-FC72-4570-9484-1C7C41C02AE6} = {CBFB0A7D-7259-4F51-A927-047452A2BF50}
		{CBFB0A7D-7259-4F51-A927-047452A2BF50} = {A6E992DF-EBF7-4DD4-8970-2C219078DA2A}
		{45748747-1707-463A-9FF3-452B43CB5785} = {41F2B036-C2D9-4B8F-AB04-B2784168EC30}
		{0412B3A1-31C6-4AFC-AC71-825880E65B16} = {41F2B036-C2D9-4B8F-AB04-B2784168EC30}
		{E6F63B5D-AC4C-4F38-9078-512069A9AF9C} = {41F2B036-C2D9-4B8F-AB04-B2784168EC30}
		{2E1756FB-32C1-43E2-8B5F-FA0CA5BEBB35} = {41F2B036-C2D9-4B8F-AB04-B2784168EC30}
		{5AF8F248-AF48-4D2C-A925-48B730A08F29} = {41F2B036-C2D9-4B8F-AB04-B2784168EC30}
		{CA956A18-4D7F-4FC3-B93B-3BAAABE6F95D} = {41F2B036-C2D9-4B8F-AB04-B2784168EC30}
		{1B1A93B6-9BC1-4B63-A59E-B76F0995916D} = {4C0D716C-F187-44AC-9384-43BC8674A02D}
		{3A913C01-5BE9-4577-ADAF-6F4CBFD3EE69} = {1B1A93B6-9BC1-4B63-A59E-B76F0995916D}
		{BA21AE63-2E14-4DB0-A910-D3ED5C998668} = {1B1A93B6-9BC1-4B63-A59E-B76F0995916D}
		{8168D284-AC0A-4039-A04E-BE797B16454E} = {1B1A93B6-9BC1-4B63-A59E-B76F0995916D}
		{80E5359F-76D2-44CB-8105-5A181B0C300F} = {1B1A93B6-9BC1-4B63-A59E-B76F0995916D}
	EndGlobalSection
	GlobalSection(ExtensibilityGlobals) = postSolution
		SolutionGuid = {4AE1A065-B741-4555-A616-35C2100732D9}
	EndGlobalSection
EndGlobal
